// !$*UTF8*$!
{
	archiveVersion = 1;
	classes = {
	};
	objectVersion = 46;
	objects = {

/* Begin PBXBuildFile section */
		5445E1BF1593248A00A3137D /* Foundation.framework in Frameworks */ = {isa = PBXBuildFile; fileRef = 5445E1BE1593248A00A3137D /* Foundation.framework */; };
		5445E1C51593248B00A3137D /* CTidy.m in Sources */ = {isa = PBXBuildFile; fileRef = 5445E1C41593248B00A3137D /* CTidy.m */; };
		5445E208159324E600A3137D /* buffio.h in Headers */ = {isa = PBXBuildFile; fileRef = 5445E1D3159324E600A3137D /* buffio.h */; };
		5445E209159324E600A3137D /* platform.h in Headers */ = {isa = PBXBuildFile; fileRef = 5445E1D4159324E600A3137D /* platform.h */; };
		5445E20A159324E600A3137D /* tidy.h in Headers */ = {isa = PBXBuildFile; fileRef = 5445E1D5159324E600A3137D /* tidy.h */; };
		5445E20B159324E600A3137D /* tidyenum.h in Headers */ = {isa = PBXBuildFile; fileRef = 5445E1D6159324E600A3137D /* tidyenum.h */; };
		5445E20C159324E600A3137D /* access.c in Sources */ = {isa = PBXBuildFile; fileRef = 5445E1D8159324E600A3137D /* access.c */; };
		5445E20D159324E600A3137D /* access.h in Headers */ = {isa = PBXBuildFile; fileRef = 5445E1D9159324E600A3137D /* access.h */; };
		5445E20E159324E600A3137D /* alloc.c in Sources */ = {isa = PBXBuildFile; fileRef = 5445E1DA159324E600A3137D /* alloc.c */; };
		5445E20F159324E600A3137D /* attrask.c in Sources */ = {isa = PBXBuildFile; fileRef = 5445E1DB159324E600A3137D /* attrask.c */; };
		5445E210159324E600A3137D /* attrdict.c in Sources */ = {isa = PBXBuildFile; fileRef = 5445E1DC159324E600A3137D /* attrdict.c */; };
		5445E211159324E600A3137D /* attrdict.h in Headers */ = {isa = PBXBuildFile; fileRef = 5445E1DD159324E600A3137D /* attrdict.h */; };
		5445E212159324E600A3137D /* attrget.c in Sources */ = {isa = PBXBuildFile; fileRef = 5445E1DE159324E600A3137D /* attrget.c */; };
		5445E213159324E600A3137D /* attrs.c in Sources */ = {isa = PBXBuildFile; fileRef = 5445E1DF159324E600A3137D /* attrs.c */; };
		5445E214159324E600A3137D /* attrs.h in Headers */ = {isa = PBXBuildFile; fileRef = 5445E1E0159324E600A3137D /* attrs.h */; };
		5445E215159324E600A3137D /* buffio.c in Sources */ = {isa = PBXBuildFile; fileRef = 5445E1E1159324E600A3137D /* buffio.c */; };
		5445E216159324E600A3137D /* charsets.c in Sources */ = {isa = PBXBuildFile; fileRef = 5445E1E2159324E600A3137D /* charsets.c */; };
		5445E217159324E600A3137D /* charsets.h in Headers */ = {isa = PBXBuildFile; fileRef = 5445E1E3159324E600A3137D /* charsets.h */; };
		5445E218159324E600A3137D /* clean.c in Sources */ = {isa = PBXBuildFile; fileRef = 5445E1E4159324E600A3137D /* clean.c */; };
		5445E219159324E600A3137D /* clean.h in Headers */ = {isa = PBXBuildFile; fileRef = 5445E1E5159324E600A3137D /* clean.h */; };
		5445E21A159324E600A3137D /* config.c in Sources */ = {isa = PBXBuildFile; fileRef = 5445E1E6159324E600A3137D /* config.c */; };
		5445E21B159324E600A3137D /* config.h in Headers */ = {isa = PBXBuildFile; fileRef = 5445E1E7159324E600A3137D /* config.h */; };
		5445E21C159324E600A3137D /* entities.c in Sources */ = {isa = PBXBuildFile; fileRef = 5445E1E8159324E600A3137D /* entities.c */; };
		5445E21D159324E600A3137D /* entities.h in Headers */ = {isa = PBXBuildFile; fileRef = 5445E1E9159324E600A3137D /* entities.h */; };
		5445E21E159324E600A3137D /* fileio.c in Sources */ = {isa = PBXBuildFile; fileRef = 5445E1EA159324E600A3137D /* fileio.c */; };
		5445E21F159324E600A3137D /* fileio.h in Headers */ = {isa = PBXBuildFile; fileRef = 5445E1EB159324E600A3137D /* fileio.h */; };
		5445E220159324E600A3137D /* forward.h in Headers */ = {isa = PBXBuildFile; fileRef = 5445E1EC159324E600A3137D /* forward.h */; };
		5445E221159324E600A3137D /* iconvtc.c in Sources */ = {isa = PBXBuildFile; fileRef = 5445E1ED159324E600A3137D /* iconvtc.c */; };
		5445E222159324E600A3137D /* iconvtc.h in Headers */ = {isa = PBXBuildFile; fileRef = 5445E1EE159324E600A3137D /* iconvtc.h */; };
		5445E223159324E600A3137D /* istack.c in Sources */ = {isa = PBXBuildFile; fileRef = 5445E1EF159324E600A3137D /* istack.c */; };
		5445E224159324E600A3137D /* lexer.c in Sources */ = {isa = PBXBuildFile; fileRef = 5445E1F0159324E600A3137D /* lexer.c */; };
		5445E225159324E600A3137D /* lexer.h in Headers */ = {isa = PBXBuildFile; fileRef = 5445E1F1159324E600A3137D /* lexer.h */; };
		5445E226159324E600A3137D /* localize.c in Sources */ = {isa = PBXBuildFile; fileRef = 5445E1F2159324E600A3137D /* localize.c */; };
		5445E227159324E600A3137D /* mappedio.c in Sources */ = {isa = PBXBuildFile; fileRef = 5445E1F3159324E600A3137D /* mappedio.c */; };
		5445E228159324E600A3137D /* mappedio.h in Headers */ = {isa = PBXBuildFile; fileRef = 5445E1F4159324E600A3137D /* mappedio.h */; };
		5445E229159324E600A3137D /* message.h in Headers */ = {isa = PBXBuildFile; fileRef = 5445E1F5159324E600A3137D /* message.h */; };
		5445E22A159324E600A3137D /* parser.c in Sources */ = {isa = PBXBuildFile; fileRef = 5445E1F6159324E600A3137D /* parser.c */; };
		5445E22B159324E600A3137D /* parser.h in Headers */ = {isa = PBXBuildFile; fileRef = 5445E1F7159324E600A3137D /* parser.h */; };
		5445E22C159324E600A3137D /* pprint.c in Sources */ = {isa = PBXBuildFile; fileRef = 5445E1F8159324E600A3137D /* pprint.c */; };
		5445E22D159324E600A3137D /* pprint.h in Headers */ = {isa = PBXBuildFile; fileRef = 5445E1F9159324E600A3137D /* pprint.h */; };
		5445E22E159324E600A3137D /* streamio.c in Sources */ = {isa = PBXBuildFile; fileRef = 5445E1FA159324E600A3137D /* streamio.c */; };
		5445E22F159324E600A3137D /* streamio.h in Headers */ = {isa = PBXBuildFile; fileRef = 5445E1FB159324E600A3137D /* streamio.h */; };
		5445E230159324E600A3137D /* tagask.c in Sources */ = {isa = PBXBuildFile; fileRef = 5445E1FC159324E600A3137D /* tagask.c */; };
		5445E231159324E600A3137D /* tags.c in Sources */ = {isa = PBXBuildFile; fileRef = 5445E1FD159324E600A3137D /* tags.c */; };
		5445E232159324E600A3137D /* tags.h in Headers */ = {isa = PBXBuildFile; fileRef = 5445E1FE159324E600A3137D /* tags.h */; };
		5445E233159324E600A3137D /* tidy-int.h in Headers */ = {isa = PBXBuildFile; fileRef = 5445E1FF159324E600A3137D /* tidy-int.h */; };
		5445E234159324E600A3137D /* tidylib.c in Sources */ = {isa = PBXBuildFile; fileRef = 5445E200159324E600A3137D /* tidylib.c */; };
		5445E235159324E600A3137D /* tmbstr.c in Sources */ = {isa = PBXBuildFile; fileRef = 5445E201159324E600A3137D /* tmbstr.c */; };
		5445E236159324E600A3137D /* tmbstr.h in Headers */ = {isa = PBXBuildFile; fileRef = 5445E202159324E600A3137D /* tmbstr.h */; };
		5445E237159324E600A3137D /* utf8.c in Sources */ = {isa = PBXBuildFile; fileRef = 5445E203159324E600A3137D /* utf8.c */; };
		5445E238159324E600A3137D /* utf8.h in Headers */ = {isa = PBXBuildFile; fileRef = 5445E204159324E600A3137D /* utf8.h */; };
		5445E239159324E600A3137D /* version.h in Headers */ = {isa = PBXBuildFile; fileRef = 5445E205159324E600A3137D /* version.h */; };
		5445E23A159324E600A3137D /* win32tc.c in Sources */ = {isa = PBXBuildFile; fileRef = 5445E206159324E600A3137D /* win32tc.c */; };
		5445E23B159324E600A3137D /* win32tc.h in Headers */ = {isa = PBXBuildFile; fileRef = 5445E207159324E600A3137D /* win32tc.h */; };
		5445E23D1593250100A3137D /* CTidy.h in Headers */ = {isa = PBXBuildFile; fileRef = 5445E1C31593248B00A3137D /* CTidy.h */; settings = {ATTRIBUTES = (Public, ); }; };
		5F2A13A219DD86C8005817F9 /* TidyFramework.h in Headers */ = {isa = PBXBuildFile; fileRef = 5F2A13A119DD86C8005817F9 /* TidyFramework.h */; settings = {ATTRIBUTES = (Public, ); }; };
		5F2A13AC19DD86C8005817F9 /* CTidyOSXTests.m in Sources */ = {isa = PBXBuildFile; fileRef = 5F2A13AB19DD86C8005817F9 /* CTidyOSXTests.m */; };
		5F2A13B319DD86D6005817F9 /* CTidy.h in Headers */ = {isa = PBXBuildFile; fileRef = 5445E1C31593248B00A3137D /* CTidy.h */; settings = {ATTRIBUTES = (Public, ); }; };
		5F2A13B419DD86D6005817F9 /* CTidy.m in Sources */ = {isa = PBXBuildFile; fileRef = 5445E1C41593248B00A3137D /* CTidy.m */; };
		5F2A142F19DEA9AE005817F9 /* buffio.h in Headers */ = {isa = PBXBuildFile; fileRef = 5445E1D3159324E600A3137D /* buffio.h */; settings = {ATTRIBUTES = (Public, ); }; };
		5F2A143019DEA9AE005817F9 /* platform.h in Headers */ = {isa = PBXBuildFile; fileRef = 5445E1D4159324E600A3137D /* platform.h */; settings = {ATTRIBUTES = (Public, ); }; };
		5F2A143219DEA9AE005817F9 /* tidyenum.h in Headers */ = {isa = PBXBuildFile; fileRef = 5445E1D6159324E600A3137D /* tidyenum.h */; settings = {ATTRIBUTES = (Public, ); }; };
		5F2A143319DEAA0E005817F9 /* access.c in Sources */ = {isa = PBXBuildFile; fileRef = 5445E1D8159324E600A3137D /* access.c */; };
		5F2A143419DEAA0E005817F9 /* alloc.c in Sources */ = {isa = PBXBuildFile; fileRef = 5445E1DA159324E600A3137D /* alloc.c */; };
		5F2A143519DEAA0E005817F9 /* attrask.c in Sources */ = {isa = PBXBuildFile; fileRef = 5445E1DB159324E600A3137D /* attrask.c */; };
		5F2A143619DEAA0E005817F9 /* attrdict.c in Sources */ = {isa = PBXBuildFile; fileRef = 5445E1DC159324E600A3137D /* attrdict.c */; };
		5F2A143719DEAA0E005817F9 /* attrget.c in Sources */ = {isa = PBXBuildFile; fileRef = 5445E1DE159324E600A3137D /* attrget.c */; };
		5F2A143819DEAA0E005817F9 /* attrs.c in Sources */ = {isa = PBXBuildFile; fileRef = 5445E1DF159324E600A3137D /* attrs.c */; };
		5F2A143919DEAA0E005817F9 /* buffio.c in Sources */ = {isa = PBXBuildFile; fileRef = 5445E1E1159324E600A3137D /* buffio.c */; };
		5F2A143A19DEAA0E005817F9 /* charsets.c in Sources */ = {isa = PBXBuildFile; fileRef = 5445E1E2159324E600A3137D /* charsets.c */; };
		5F2A143B19DEAA0E005817F9 /* clean.c in Sources */ = {isa = PBXBuildFile; fileRef = 5445E1E4159324E600A3137D /* clean.c */; };
		5F2A143C19DEAA0E005817F9 /* config.c in Sources */ = {isa = PBXBuildFile; fileRef = 5445E1E6159324E600A3137D /* config.c */; };
		5F2A143D19DEAA0E005817F9 /* entities.c in Sources */ = {isa = PBXBuildFile; fileRef = 5445E1E8159324E600A3137D /* entities.c */; };
		5F2A143E19DEAA0E005817F9 /* fileio.c in Sources */ = {isa = PBXBuildFile; fileRef = 5445E1EA159324E600A3137D /* fileio.c */; };
		5F2A143F19DEAA0E005817F9 /* iconvtc.c in Sources */ = {isa = PBXBuildFile; fileRef = 5445E1ED159324E600A3137D /* iconvtc.c */; };
		5F2A144019DEAA0E005817F9 /* istack.c in Sources */ = {isa = PBXBuildFile; fileRef = 5445E1EF159324E600A3137D /* istack.c */; };
		5F2A144119DEAA0E005817F9 /* lexer.c in Sources */ = {isa = PBXBuildFile; fileRef = 5445E1F0159324E600A3137D /* lexer.c */; };
		5F2A144219DEAA0E005817F9 /* localize.c in Sources */ = {isa = PBXBuildFile; fileRef = 5445E1F2159324E600A3137D /* localize.c */; };
		5F2A144319DEAA0E005817F9 /* mappedio.c in Sources */ = {isa = PBXBuildFile; fileRef = 5445E1F3159324E600A3137D /* mappedio.c */; };
		5F2A144419DEAA0E005817F9 /* parser.c in Sources */ = {isa = PBXBuildFile; fileRef = 5445E1F6159324E600A3137D /* parser.c */; };
		5F2A144519DEAA0E005817F9 /* pprint.c in Sources */ = {isa = PBXBuildFile; fileRef = 5445E1F8159324E600A3137D /* pprint.c */; };
		5F2A144619DEAA0E005817F9 /* streamio.c in Sources */ = {isa = PBXBuildFile; fileRef = 5445E1FA159324E600A3137D /* streamio.c */; };
		5F2A144719DEAA0E005817F9 /* tagask.c in Sources */ = {isa = PBXBuildFile; fileRef = 5445E1FC159324E600A3137D /* tagask.c */; };
		5F2A144819DEAA0E005817F9 /* tags.c in Sources */ = {isa = PBXBuildFile; fileRef = 5445E1FD159324E600A3137D /* tags.c */; };
		5F2A144919DEAA0E005817F9 /* tidylib.c in Sources */ = {isa = PBXBuildFile; fileRef = 5445E200159324E600A3137D /* tidylib.c */; };
		5F2A144A19DEAA0E005817F9 /* tmbstr.c in Sources */ = {isa = PBXBuildFile; fileRef = 5445E201159324E600A3137D /* tmbstr.c */; };
		5F2A144B19DEAA0E005817F9 /* utf8.c in Sources */ = {isa = PBXBuildFile; fileRef = 5445E203159324E600A3137D /* utf8.c */; };
		5F2A144C19DEAA0E005817F9 /* win32tc.c in Sources */ = {isa = PBXBuildFile; fileRef = 5445E206159324E600A3137D /* win32tc.c */; };
		5F2A144D19DEAA92005817F9 /* tidy.h in Headers */ = {isa = PBXBuildFile; fileRef = 5445E1D5159324E600A3137D /* tidy.h */; settings = {ATTRIBUTES = (Public, ); }; };
		5F59B35E1C6CB5CF000E40E7 /* access.c in Sources */ = {isa = PBXBuildFile; fileRef = 5445E1D8159324E600A3137D /* access.c */; };
		5F59B35F1C6CB5CF000E40E7 /* alloc.c in Sources */ = {isa = PBXBuildFile; fileRef = 5445E1DA159324E600A3137D /* alloc.c */; };
		5F59B3601C6CB5CF000E40E7 /* attrask.c in Sources */ = {isa = PBXBuildFile; fileRef = 5445E1DB159324E600A3137D /* attrask.c */; };
		5F59B3611C6CB5CF000E40E7 /* attrdict.c in Sources */ = {isa = PBXBuildFile; fileRef = 5445E1DC159324E600A3137D /* attrdict.c */; };
		5F59B3621C6CB5CF000E40E7 /* attrget.c in Sources */ = {isa = PBXBuildFile; fileRef = 5445E1DE159324E600A3137D /* attrget.c */; };
		5F59B3631C6CB5CF000E40E7 /* attrs.c in Sources */ = {isa = PBXBuildFile; fileRef = 5445E1DF159324E600A3137D /* attrs.c */; };
		5F59B3641C6CB5CF000E40E7 /* buffio.c in Sources */ = {isa = PBXBuildFile; fileRef = 5445E1E1159324E600A3137D /* buffio.c */; };
		5F59B3651C6CB5CF000E40E7 /* charsets.c in Sources */ = {isa = PBXBuildFile; fileRef = 5445E1E2159324E600A3137D /* charsets.c */; };
		5F59B3661C6CB5CF000E40E7 /* clean.c in Sources */ = {isa = PBXBuildFile; fileRef = 5445E1E4159324E600A3137D /* clean.c */; };
		5F59B3671C6CB5CF000E40E7 /* config.c in Sources */ = {isa = PBXBuildFile; fileRef = 5445E1E6159324E600A3137D /* config.c */; };
		5F59B3681C6CB5CF000E40E7 /* entities.c in Sources */ = {isa = PBXBuildFile; fileRef = 5445E1E8159324E600A3137D /* entities.c */; };
		5F59B3691C6CB5CF000E40E7 /* fileio.c in Sources */ = {isa = PBXBuildFile; fileRef = 5445E1EA159324E600A3137D /* fileio.c */; };
		5F59B36A1C6CB5CF000E40E7 /* iconvtc.c in Sources */ = {isa = PBXBuildFile; fileRef = 5445E1ED159324E600A3137D /* iconvtc.c */; };
		5F59B36B1C6CB5CF000E40E7 /* istack.c in Sources */ = {isa = PBXBuildFile; fileRef = 5445E1EF159324E600A3137D /* istack.c */; };
		5F59B36C1C6CB5CF000E40E7 /* lexer.c in Sources */ = {isa = PBXBuildFile; fileRef = 5445E1F0159324E600A3137D /* lexer.c */; };
		5F59B36D1C6CB5CF000E40E7 /* localize.c in Sources */ = {isa = PBXBuildFile; fileRef = 5445E1F2159324E600A3137D /* localize.c */; };
		5F59B36E1C6CB5CF000E40E7 /* mappedio.c in Sources */ = {isa = PBXBuildFile; fileRef = 5445E1F3159324E600A3137D /* mappedio.c */; };
		5F59B36F1C6CB5CF000E40E7 /* parser.c in Sources */ = {isa = PBXBuildFile; fileRef = 5445E1F6159324E600A3137D /* parser.c */; };
		5F59B3701C6CB5CF000E40E7 /* pprint.c in Sources */ = {isa = PBXBuildFile; fileRef = 5445E1F8159324E600A3137D /* pprint.c */; };
		5F59B3711C6CB5CF000E40E7 /* streamio.c in Sources */ = {isa = PBXBuildFile; fileRef = 5445E1FA159324E600A3137D /* streamio.c */; };
		5F59B3721C6CB5CF000E40E7 /* tagask.c in Sources */ = {isa = PBXBuildFile; fileRef = 5445E1FC159324E600A3137D /* tagask.c */; };
		5F59B3731C6CB5CF000E40E7 /* tags.c in Sources */ = {isa = PBXBuildFile; fileRef = 5445E1FD159324E600A3137D /* tags.c */; };
		5F59B3741C6CB5CF000E40E7 /* tidylib.c in Sources */ = {isa = PBXBuildFile; fileRef = 5445E200159324E600A3137D /* tidylib.c */; };
		5F59B3751C6CB5CF000E40E7 /* tmbstr.c in Sources */ = {isa = PBXBuildFile; fileRef = 5445E201159324E600A3137D /* tmbstr.c */; };
		5F59B3761C6CB5CF000E40E7 /* utf8.c in Sources */ = {isa = PBXBuildFile; fileRef = 5445E203159324E600A3137D /* utf8.c */; };
		5F59B3771C6CB5CF000E40E7 /* win32tc.c in Sources */ = {isa = PBXBuildFile; fileRef = 5445E206159324E600A3137D /* win32tc.c */; };
		5F59B3781C6CB5EC000E40E7 /* CTidy.m in Sources */ = {isa = PBXBuildFile; fileRef = 5445E1C41593248B00A3137D /* CTidy.m */; };
		5F59B3791C6CB5EF000E40E7 /* CTidy.h in Headers */ = {isa = PBXBuildFile; fileRef = 5445E1C31593248B00A3137D /* CTidy.h */; settings = {ATTRIBUTES = (Public, ); }; };
		5F59B37A1C6CB610000E40E7 /* access.h in Headers */ = {isa = PBXBuildFile; fileRef = 5445E1D9159324E600A3137D /* access.h */; };
		5F59B37B1C6CB610000E40E7 /* attrdict.h in Headers */ = {isa = PBXBuildFile; fileRef = 5445E1DD159324E600A3137D /* attrdict.h */; };
		5F59B37C1C6CB610000E40E7 /* attrs.h in Headers */ = {isa = PBXBuildFile; fileRef = 5445E1E0159324E600A3137D /* attrs.h */; };
		5F59B37D1C6CB610000E40E7 /* charsets.h in Headers */ = {isa = PBXBuildFile; fileRef = 5445E1E3159324E600A3137D /* charsets.h */; };
		5F59B37E1C6CB610000E40E7 /* clean.h in Headers */ = {isa = PBXBuildFile; fileRef = 5445E1E5159324E600A3137D /* clean.h */; };
		5F59B37F1C6CB610000E40E7 /* config.h in Headers */ = {isa = PBXBuildFile; fileRef = 5445E1E7159324E600A3137D /* config.h */; };
		5F59B3801C6CB610000E40E7 /* entities.h in Headers */ = {isa = PBXBuildFile; fileRef = 5445E1E9159324E600A3137D /* entities.h */; };
		5F59B3811C6CB610000E40E7 /* fileio.h in Headers */ = {isa = PBXBuildFile; fileRef = 5445E1EB159324E600A3137D /* fileio.h */; };
		5F59B3821C6CB610000E40E7 /* forward.h in Headers */ = {isa = PBXBuildFile; fileRef = 5445E1EC159324E600A3137D /* forward.h */; };
		5F59B3831C6CB610000E40E7 /* iconvtc.h in Headers */ = {isa = PBXBuildFile; fileRef = 5445E1EE159324E600A3137D /* iconvtc.h */; };
		5F59B3841C6CB610000E40E7 /* lexer.h in Headers */ = {isa = PBXBuildFile; fileRef = 5445E1F1159324E600A3137D /* lexer.h */; };
		5F59B3851C6CB610000E40E7 /* mappedio.h in Headers */ = {isa = PBXBuildFile; fileRef = 5445E1F4159324E600A3137D /* mappedio.h */; };
		5F59B3861C6CB610000E40E7 /* message.h in Headers */ = {isa = PBXBuildFile; fileRef = 5445E1F5159324E600A3137D /* message.h */; };
		5F59B3871C6CB610000E40E7 /* parser.h in Headers */ = {isa = PBXBuildFile; fileRef = 5445E1F7159324E600A3137D /* parser.h */; };
		5F59B3881C6CB610000E40E7 /* pprint.h in Headers */ = {isa = PBXBuildFile; fileRef = 5445E1F9159324E600A3137D /* pprint.h */; };
		5F59B3891C6CB610000E40E7 /* streamio.h in Headers */ = {isa = PBXBuildFile; fileRef = 5445E1FB159324E600A3137D /* streamio.h */; };
		5F59B38A1C6CB610000E40E7 /* tags.h in Headers */ = {isa = PBXBuildFile; fileRef = 5445E1FE159324E600A3137D /* tags.h */; };
		5F59B38B1C6CB610000E40E7 /* tidy-int.h in Headers */ = {isa = PBXBuildFile; fileRef = 5445E1FF159324E600A3137D /* tidy-int.h */; };
		5F59B38C1C6CB610000E40E7 /* tmbstr.h in Headers */ = {isa = PBXBuildFile; fileRef = 5445E202159324E600A3137D /* tmbstr.h */; };
		5F59B38D1C6CB610000E40E7 /* version.h in Headers */ = {isa = PBXBuildFile; fileRef = 5445E205159324E600A3137D /* version.h */; };
		5F59B38E1C6CB610000E40E7 /* win32tc.h in Headers */ = {isa = PBXBuildFile; fileRef = 5445E207159324E600A3137D /* win32tc.h */; };
		5F59B38F1C6CB708000E40E7 /* TidyFramework.h in Headers */ = {isa = PBXBuildFile; fileRef = 5F2A13A119DD86C8005817F9 /* TidyFramework.h */; settings = {ATTRIBUTES = (Public, ); }; };
		5F59B3901C6CB72B000E40E7 /* tidy.h in Headers */ = {isa = PBXBuildFile; fileRef = 5445E1D5159324E600A3137D /* tidy.h */; settings = {ATTRIBUTES = (Public, ); }; };
		5F59B3911C6CB737000E40E7 /* tidyenum.h in Headers */ = {isa = PBXBuildFile; fileRef = 5445E1D6159324E600A3137D /* tidyenum.h */; settings = {ATTRIBUTES = (Public, ); }; };
		5F59B3921C6CB73E000E40E7 /* buffio.h in Headers */ = {isa = PBXBuildFile; fileRef = 5445E1D3159324E600A3137D /* buffio.h */; settings = {ATTRIBUTES = (Public, ); }; };
/* End PBXBuildFile section */

/* Begin PBXFileReference section */
		5445E1BB1593248A00A3137D /* libCTidy.a */ = {isa = PBXFileReference; explicitFileType = archive.ar; includeInIndex = 0; path = libCTidy.a; sourceTree = BUILT_PRODUCTS_DIR; };
		5445E1BE1593248A00A3137D /* Foundation.framework */ = {isa = PBXFileReference; lastKnownFileType = wrapper.framework; name = Foundation.framework; path = System/Library/Frameworks/Foundation.framework; sourceTree = SDKROOT; };
		5445E1C21593248A00A3137D /* CTidy-Prefix.pch */ = {isa = PBXFileReference; lastKnownFileType = sourcecode.c.h; path = "CTidy-Prefix.pch"; sourceTree = "<group>"; };
		5445E1C31593248B00A3137D /* CTidy.h */ = {isa = PBXFileReference; lastKnownFileType = sourcecode.c.h; path = CTidy.h; sourceTree = "<group>"; };
		5445E1C41593248B00A3137D /* CTidy.m */ = {isa = PBXFileReference; lastKnownFileType = sourcecode.c.objc; path = CTidy.m; sourceTree = "<group>"; };
		5445E1D3159324E600A3137D /* buffio.h */ = {isa = PBXFileReference; fileEncoding = 4; lastKnownFileType = sourcecode.c.h; path = buffio.h; sourceTree = "<group>"; };
		5445E1D4159324E600A3137D /* platform.h */ = {isa = PBXFileReference; fileEncoding = 4; lastKnownFileType = sourcecode.c.h; path = platform.h; sourceTree = "<group>"; };
		5445E1D5159324E600A3137D /* tidy.h */ = {isa = PBXFileReference; fileEncoding = 4; lastKnownFileType = sourcecode.c.h; path = tidy.h; sourceTree = "<group>"; };
		5445E1D6159324E600A3137D /* tidyenum.h */ = {isa = PBXFileReference; fileEncoding = 4; lastKnownFileType = sourcecode.c.h; path = tidyenum.h; sourceTree = "<group>"; };
		5445E1D8159324E600A3137D /* access.c */ = {isa = PBXFileReference; explicitFileType = sourcecode.c.objc; fileEncoding = 4; path = access.c; sourceTree = "<group>"; };
		5445E1D9159324E600A3137D /* access.h */ = {isa = PBXFileReference; fileEncoding = 4; lastKnownFileType = sourcecode.c.h; path = access.h; sourceTree = "<group>"; };
		5445E1DA159324E600A3137D /* alloc.c */ = {isa = PBXFileReference; explicitFileType = sourcecode.c.objc; fileEncoding = 4; path = alloc.c; sourceTree = "<group>"; };
		5445E1DB159324E600A3137D /* attrask.c */ = {isa = PBXFileReference; explicitFileType = sourcecode.c.objc; fileEncoding = 4; path = attrask.c; sourceTree = "<group>"; };
		5445E1DC159324E600A3137D /* attrdict.c */ = {isa = PBXFileReference; explicitFileType = sourcecode.c.objc; fileEncoding = 4; path = attrdict.c; sourceTree = "<group>"; };
		5445E1DD159324E600A3137D /* attrdict.h */ = {isa = PBXFileReference; fileEncoding = 4; lastKnownFileType = sourcecode.c.h; path = attrdict.h; sourceTree = "<group>"; };
		5445E1DE159324E600A3137D /* attrget.c */ = {isa = PBXFileReference; explicitFileType = sourcecode.c.objc; fileEncoding = 4; path = attrget.c; sourceTree = "<group>"; };
		5445E1DF159324E600A3137D /* attrs.c */ = {isa = PBXFileReference; explicitFileType = sourcecode.c.objc; fileEncoding = 4; path = attrs.c; sourceTree = "<group>"; };
		5445E1E0159324E600A3137D /* attrs.h */ = {isa = PBXFileReference; fileEncoding = 4; lastKnownFileType = sourcecode.c.h; path = attrs.h; sourceTree = "<group>"; };
		5445E1E1159324E600A3137D /* buffio.c */ = {isa = PBXFileReference; explicitFileType = sourcecode.c.objc; fileEncoding = 4; path = buffio.c; sourceTree = "<group>"; };
		5445E1E2159324E600A3137D /* charsets.c */ = {isa = PBXFileReference; explicitFileType = sourcecode.c.objc; fileEncoding = 4; path = charsets.c; sourceTree = "<group>"; };
		5445E1E3159324E600A3137D /* charsets.h */ = {isa = PBXFileReference; fileEncoding = 4; lastKnownFileType = sourcecode.c.h; path = charsets.h; sourceTree = "<group>"; };
		5445E1E4159324E600A3137D /* clean.c */ = {isa = PBXFileReference; explicitFileType = sourcecode.c.objc; fileEncoding = 4; path = clean.c; sourceTree = "<group>"; };
		5445E1E5159324E600A3137D /* clean.h */ = {isa = PBXFileReference; fileEncoding = 4; lastKnownFileType = sourcecode.c.h; path = clean.h; sourceTree = "<group>"; };
		5445E1E6159324E600A3137D /* config.c */ = {isa = PBXFileReference; explicitFileType = sourcecode.c.objc; fileEncoding = 4; path = config.c; sourceTree = "<group>"; };
		5445E1E7159324E600A3137D /* config.h */ = {isa = PBXFileReference; fileEncoding = 4; lastKnownFileType = sourcecode.c.h; path = config.h; sourceTree = "<group>"; };
		5445E1E8159324E600A3137D /* entities.c */ = {isa = PBXFileReference; explicitFileType = sourcecode.c.objc; fileEncoding = 4; path = entities.c; sourceTree = "<group>"; };
		5445E1E9159324E600A3137D /* entities.h */ = {isa = PBXFileReference; fileEncoding = 4; lastKnownFileType = sourcecode.c.h; path = entities.h; sourceTree = "<group>"; };
		5445E1EA159324E600A3137D /* fileio.c */ = {isa = PBXFileReference; explicitFileType = sourcecode.c.objc; fileEncoding = 4; path = fileio.c; sourceTree = "<group>"; };
		5445E1EB159324E600A3137D /* fileio.h */ = {isa = PBXFileReference; fileEncoding = 4; lastKnownFileType = sourcecode.c.h; path = fileio.h; sourceTree = "<group>"; };
		5445E1EC159324E600A3137D /* forward.h */ = {isa = PBXFileReference; fileEncoding = 4; lastKnownFileType = sourcecode.c.h; path = forward.h; sourceTree = "<group>"; };
		5445E1ED159324E600A3137D /* iconvtc.c */ = {isa = PBXFileReference; explicitFileType = sourcecode.c.objc; fileEncoding = 4; path = iconvtc.c; sourceTree = "<group>"; };
		5445E1EE159324E600A3137D /* iconvtc.h */ = {isa = PBXFileReference; fileEncoding = 4; lastKnownFileType = sourcecode.c.h; path = iconvtc.h; sourceTree = "<group>"; };
		5445E1EF159324E600A3137D /* istack.c */ = {isa = PBXFileReference; explicitFileType = sourcecode.c.objc; fileEncoding = 4; path = istack.c; sourceTree = "<group>"; };
		5445E1F0159324E600A3137D /* lexer.c */ = {isa = PBXFileReference; explicitFileType = sourcecode.c.objc; fileEncoding = 4; path = lexer.c; sourceTree = "<group>"; };
		5445E1F1159324E600A3137D /* lexer.h */ = {isa = PBXFileReference; fileEncoding = 4; lastKnownFileType = sourcecode.c.h; path = lexer.h; sourceTree = "<group>"; };
		5445E1F2159324E600A3137D /* localize.c */ = {isa = PBXFileReference; explicitFileType = sourcecode.c.objc; fileEncoding = 4; path = localize.c; sourceTree = "<group>"; };
		5445E1F3159324E600A3137D /* mappedio.c */ = {isa = PBXFileReference; explicitFileType = sourcecode.c.objc; fileEncoding = 4; path = mappedio.c; sourceTree = "<group>"; };
		5445E1F4159324E600A3137D /* mappedio.h */ = {isa = PBXFileReference; fileEncoding = 4; lastKnownFileType = sourcecode.c.h; path = mappedio.h; sourceTree = "<group>"; };
		5445E1F5159324E600A3137D /* message.h */ = {isa = PBXFileReference; fileEncoding = 4; lastKnownFileType = sourcecode.c.h; path = message.h; sourceTree = "<group>"; };
		5445E1F6159324E600A3137D /* parser.c */ = {isa = PBXFileReference; explicitFileType = sourcecode.c.objc; fileEncoding = 4; path = parser.c; sourceTree = "<group>"; };
		5445E1F7159324E600A3137D /* parser.h */ = {isa = PBXFileReference; fileEncoding = 4; lastKnownFileType = sourcecode.c.h; path = parser.h; sourceTree = "<group>"; };
		5445E1F8159324E600A3137D /* pprint.c */ = {isa = PBXFileReference; explicitFileType = sourcecode.c.objc; fileEncoding = 4; path = pprint.c; sourceTree = "<group>"; };
		5445E1F9159324E600A3137D /* pprint.h */ = {isa = PBXFileReference; fileEncoding = 4; lastKnownFileType = sourcecode.c.h; path = pprint.h; sourceTree = "<group>"; };
		5445E1FA159324E600A3137D /* streamio.c */ = {isa = PBXFileReference; explicitFileType = sourcecode.c.objc; fileEncoding = 4; path = streamio.c; sourceTree = "<group>"; };
		5445E1FB159324E600A3137D /* streamio.h */ = {isa = PBXFileReference; fileEncoding = 4; lastKnownFileType = sourcecode.c.h; path = streamio.h; sourceTree = "<group>"; };
		5445E1FC159324E600A3137D /* tagask.c */ = {isa = PBXFileReference; explicitFileType = sourcecode.c.objc; fileEncoding = 4; path = tagask.c; sourceTree = "<group>"; };
		5445E1FD159324E600A3137D /* tags.c */ = {isa = PBXFileReference; explicitFileType = sourcecode.c.objc; fileEncoding = 4; path = tags.c; sourceTree = "<group>"; };
		5445E1FE159324E600A3137D /* tags.h */ = {isa = PBXFileReference; fileEncoding = 4; lastKnownFileType = sourcecode.c.h; path = tags.h; sourceTree = "<group>"; };
		5445E1FF159324E600A3137D /* tidy-int.h */ = {isa = PBXFileReference; fileEncoding = 4; lastKnownFileType = sourcecode.c.h; path = "tidy-int.h"; sourceTree = "<group>"; };
		5445E200159324E600A3137D /* tidylib.c */ = {isa = PBXFileReference; explicitFileType = sourcecode.c.objc; fileEncoding = 4; path = tidylib.c; sourceTree = "<group>"; };
		5445E201159324E600A3137D /* tmbstr.c */ = {isa = PBXFileReference; explicitFileType = sourcecode.c.objc; fileEncoding = 4; path = tmbstr.c; sourceTree = "<group>"; };
		5445E202159324E600A3137D /* tmbstr.h */ = {isa = PBXFileReference; fileEncoding = 4; lastKnownFileType = sourcecode.c.h; path = tmbstr.h; sourceTree = "<group>"; };
		5445E203159324E600A3137D /* utf8.c */ = {isa = PBXFileReference; explicitFileType = sourcecode.c.objc; fileEncoding = 4; path = utf8.c; sourceTree = "<group>"; };
		5445E204159324E600A3137D /* utf8.h */ = {isa = PBXFileReference; fileEncoding = 4; lastKnownFileType = sourcecode.c.h; path = utf8.h; sourceTree = "<group>"; };
		5445E205159324E600A3137D /* version.h */ = {isa = PBXFileReference; fileEncoding = 4; lastKnownFileType = sourcecode.c.h; path = version.h; sourceTree = "<group>"; };
		5445E206159324E600A3137D /* win32tc.c */ = {isa = PBXFileReference; explicitFileType = sourcecode.c.objc; fileEncoding = 4; path = win32tc.c; sourceTree = "<group>"; };
		5445E207159324E600A3137D /* win32tc.h */ = {isa = PBXFileReference; fileEncoding = 4; lastKnownFileType = sourcecode.c.h; path = win32tc.h; sourceTree = "<group>"; };
		5F2A139D19DD86C8005817F9 /* TidyFramework.framework */ = {isa = PBXFileReference; explicitFileType = wrapper.framework; includeInIndex = 0; path = TidyFramework.framework; sourceTree = BUILT_PRODUCTS_DIR; };
		5F2A13A019DD86C8005817F9 /* Info.plist */ = {isa = PBXFileReference; lastKnownFileType = text.plist.xml; path = Info.plist; sourceTree = "<group>"; };
		5F2A13A119DD86C8005817F9 /* TidyFramework.h */ = {isa = PBXFileReference; lastKnownFileType = sourcecode.c.h; path = TidyFramework.h; sourceTree = "<group>"; };
		5F2A13A719DD86C8005817F9 /* CTidyOSXTests.xctest */ = {isa = PBXFileReference; explicitFileType = wrapper.cfbundle; includeInIndex = 0; path = CTidyOSXTests.xctest; sourceTree = BUILT_PRODUCTS_DIR; };
		5F2A13AA19DD86C8005817F9 /* Info.plist */ = {isa = PBXFileReference; lastKnownFileType = text.plist.xml; path = Info.plist; sourceTree = "<group>"; };
		5F2A13AB19DD86C8005817F9 /* CTidyOSXTests.m */ = {isa = PBXFileReference; lastKnownFileType = sourcecode.c.objc; path = CTidyOSXTests.m; sourceTree = "<group>"; };
		5F59B3521C6CB58E000E40E7 /* TidyFramework.framework */ = {isa = PBXFileReference; explicitFileType = wrapper.framework; includeInIndex = 0; path = TidyFramework.framework; sourceTree = BUILT_PRODUCTS_DIR; };
		5F59B3561C6CB58E000E40E7 /* Info.plist */ = {isa = PBXFileReference; lastKnownFileType = text.plist.xml; path = Info.plist; sourceTree = "<group>"; };
/* End PBXFileReference section */

/* Begin PBXFrameworksBuildPhase section */
		5445E1B81593248A00A3137D /* Frameworks */ = {
			isa = PBXFrameworksBuildPhase;
			buildActionMask = 2147483647;
			files = (
				5445E1BF1593248A00A3137D /* Foundation.framework in Frameworks */,
			);
			runOnlyForDeploymentPostprocessing = 0;
		};
		5F2A139919DD86C8005817F9 /* Frameworks */ = {
			isa = PBXFrameworksBuildPhase;
			buildActionMask = 2147483647;
			files = (
			);
			runOnlyForDeploymentPostprocessing = 0;
		};
		5F2A13A419DD86C8005817F9 /* Frameworks */ = {
			isa = PBXFrameworksBuildPhase;
			buildActionMask = 2147483647;
			files = (
			);
			runOnlyForDeploymentPostprocessing = 0;
		};
		5F59B34E1C6CB58E000E40E7 /* Frameworks */ = {
			isa = PBXFrameworksBuildPhase;
			buildActionMask = 2147483647;
			files = (
			);
			runOnlyForDeploymentPostprocessing = 0;
		};
/* End PBXFrameworksBuildPhase section */

/* Begin PBXGroup section */
		5445E1B01593248A00A3137D = {
			isa = PBXGroup;
			children = (
				5445E1C01593248A00A3137D /* CTidy */,
				5F2A139E19DD86C8005817F9 /* Tidy Framework */,
				5F2A13A819DD86C8005817F9 /* CTidyOSXTests */,
				5F59B3531C6CB58E000E40E7 /* TidyFramework-iOS */,
				5445E1BD1593248A00A3137D /* Frameworks */,
				5445E1BC1593248A00A3137D /* Products */,
			);
			sourceTree = "<group>";
		};
		5445E1BC1593248A00A3137D /* Products */ = {
			isa = PBXGroup;
			children = (
				5445E1BB1593248A00A3137D /* libCTidy.a */,
				5F2A139D19DD86C8005817F9 /* TidyFramework.framework */,
				5F2A13A719DD86C8005817F9 /* CTidyOSXTests.xctest */,
				5F59B3521C6CB58E000E40E7 /* TidyFramework.framework */,
			);
			name = Products;
			sourceTree = "<group>";
		};
		5445E1BD1593248A00A3137D /* Frameworks */ = {
			isa = PBXGroup;
			children = (
				5445E1BE1593248A00A3137D /* Foundation.framework */,
			);
			name = Frameworks;
			sourceTree = "<group>";
		};
		5445E1C01593248A00A3137D /* CTidy */ = {
			isa = PBXGroup;
			children = (
				5445E1D1159324E600A3137D /* libtidy */,
				5445E1C31593248B00A3137D /* CTidy.h */,
				5445E1C41593248B00A3137D /* CTidy.m */,
				5445E1C11593248A00A3137D /* Supporting Files */,
			);
			path = CTidy;
			sourceTree = "<group>";
		};
		5445E1C11593248A00A3137D /* Supporting Files */ = {
			isa = PBXGroup;
			children = (
				5445E1C21593248A00A3137D /* CTidy-Prefix.pch */,
			);
			name = "Supporting Files";
			sourceTree = "<group>";
		};
		5445E1D1159324E600A3137D /* libtidy */ = {
			isa = PBXGroup;
			children = (
				5445E1D2159324E600A3137D /* include */,
				5445E1D7159324E600A3137D /* src */,
			);
			path = libtidy;
			sourceTree = SOURCE_ROOT;
		};
		5445E1D2159324E600A3137D /* include */ = {
			isa = PBXGroup;
			children = (
				5445E1D3159324E600A3137D /* buffio.h */,
				5445E1D4159324E600A3137D /* platform.h */,
				5445E1D5159324E600A3137D /* tidy.h */,
				5445E1D6159324E600A3137D /* tidyenum.h */,
			);
			path = include;
			sourceTree = "<group>";
		};
		5445E1D7159324E600A3137D /* src */ = {
			isa = PBXGroup;
			children = (
				5445E1D8159324E600A3137D /* access.c */,
				5445E1D9159324E600A3137D /* access.h */,
				5445E1DA159324E600A3137D /* alloc.c */,
				5445E1DB159324E600A3137D /* attrask.c */,
				5445E1DC159324E600A3137D /* attrdict.c */,
				5445E1DD159324E600A3137D /* attrdict.h */,
				5445E1DE159324E600A3137D /* attrget.c */,
				5445E1DF159324E600A3137D /* attrs.c */,
				5445E1E0159324E600A3137D /* attrs.h */,
				5445E1E1159324E600A3137D /* buffio.c */,
				5445E1E2159324E600A3137D /* charsets.c */,
				5445E1E3159324E600A3137D /* charsets.h */,
				5445E1E4159324E600A3137D /* clean.c */,
				5445E1E5159324E600A3137D /* clean.h */,
				5445E1E6159324E600A3137D /* config.c */,
				5445E1E7159324E600A3137D /* config.h */,
				5445E1E8159324E600A3137D /* entities.c */,
				5445E1E9159324E600A3137D /* entities.h */,
				5445E1EA159324E600A3137D /* fileio.c */,
				5445E1EB159324E600A3137D /* fileio.h */,
				5445E1EC159324E600A3137D /* forward.h */,
				5445E1ED159324E600A3137D /* iconvtc.c */,
				5445E1EE159324E600A3137D /* iconvtc.h */,
				5445E1EF159324E600A3137D /* istack.c */,
				5445E1F0159324E600A3137D /* lexer.c */,
				5445E1F1159324E600A3137D /* lexer.h */,
				5445E1F2159324E600A3137D /* localize.c */,
				5445E1F3159324E600A3137D /* mappedio.c */,
				5445E1F4159324E600A3137D /* mappedio.h */,
				5445E1F5159324E600A3137D /* message.h */,
				5445E1F6159324E600A3137D /* parser.c */,
				5445E1F7159324E600A3137D /* parser.h */,
				5445E1F8159324E600A3137D /* pprint.c */,
				5445E1F9159324E600A3137D /* pprint.h */,
				5445E1FA159324E600A3137D /* streamio.c */,
				5445E1FB159324E600A3137D /* streamio.h */,
				5445E1FC159324E600A3137D /* tagask.c */,
				5445E1FD159324E600A3137D /* tags.c */,
				5445E1FE159324E600A3137D /* tags.h */,
				5445E1FF159324E600A3137D /* tidy-int.h */,
				5445E200159324E600A3137D /* tidylib.c */,
				5445E201159324E600A3137D /* tmbstr.c */,
				5445E202159324E600A3137D /* tmbstr.h */,
				5445E203159324E600A3137D /* utf8.c */,
				5445E204159324E600A3137D /* utf8.h */,
				5445E205159324E600A3137D /* version.h */,
				5445E206159324E600A3137D /* win32tc.c */,
				5445E207159324E600A3137D /* win32tc.h */,
			);
			path = src;
			sourceTree = "<group>";
		};
		5F2A139E19DD86C8005817F9 /* Tidy Framework */ = {
			isa = PBXGroup;
			children = (
				5F2A13A119DD86C8005817F9 /* TidyFramework.h */,
				5F2A139F19DD86C8005817F9 /* Supporting Files */,
			);
			name = "Tidy Framework";
			path = CTidyOSX;
			sourceTree = "<group>";
		};
		5F2A139F19DD86C8005817F9 /* Supporting Files */ = {
			isa = PBXGroup;
			children = (
				5F2A13A019DD86C8005817F9 /* Info.plist */,
			);
			name = "Supporting Files";
			sourceTree = "<group>";
		};
		5F2A13A819DD86C8005817F9 /* CTidyOSXTests */ = {
			isa = PBXGroup;
			children = (
				5F2A13AB19DD86C8005817F9 /* CTidyOSXTests.m */,
				5F2A13A919DD86C8005817F9 /* Supporting Files */,
			);
			path = CTidyOSXTests;
			sourceTree = "<group>";
		};
		5F2A13A919DD86C8005817F9 /* Supporting Files */ = {
			isa = PBXGroup;
			children = (
				5F2A13AA19DD86C8005817F9 /* Info.plist */,
			);
			name = "Supporting Files";
			sourceTree = "<group>";
		};
		5F59B3531C6CB58E000E40E7 /* TidyFramework-iOS */ = {
			isa = PBXGroup;
			children = (
				5F59B3561C6CB58E000E40E7 /* Info.plist */,
			);
			path = "TidyFramework-iOS";
			sourceTree = "<group>";
		};
/* End PBXGroup section */

/* Begin PBXHeadersBuildPhase section */
		5445E1B91593248A00A3137D /* Headers */ = {
			isa = PBXHeadersBuildPhase;
			buildActionMask = 2147483647;
			files = (
				5445E23D1593250100A3137D /* CTidy.h in Headers */,
				5445E208159324E600A3137D /* buffio.h in Headers */,
				5445E209159324E600A3137D /* platform.h in Headers */,
				5445E20A159324E600A3137D /* tidy.h in Headers */,
				5445E20B159324E600A3137D /* tidyenum.h in Headers */,
				5445E20D159324E600A3137D /* access.h in Headers */,
				5445E211159324E600A3137D /* attrdict.h in Headers */,
				5445E214159324E600A3137D /* attrs.h in Headers */,
				5445E217159324E600A3137D /* charsets.h in Headers */,
				5445E219159324E600A3137D /* clean.h in Headers */,
				5445E21B159324E600A3137D /* config.h in Headers */,
				5445E21D159324E600A3137D /* entities.h in Headers */,
				5445E21F159324E600A3137D /* fileio.h in Headers */,
				5445E220159324E600A3137D /* forward.h in Headers */,
				5445E222159324E600A3137D /* iconvtc.h in Headers */,
				5445E225159324E600A3137D /* lexer.h in Headers */,
				5445E228159324E600A3137D /* mappedio.h in Headers */,
				5445E229159324E600A3137D /* message.h in Headers */,
				5445E22B159324E600A3137D /* parser.h in Headers */,
				5445E22D159324E600A3137D /* pprint.h in Headers */,
				5445E22F159324E600A3137D /* streamio.h in Headers */,
				5445E232159324E600A3137D /* tags.h in Headers */,
				5445E233159324E600A3137D /* tidy-int.h in Headers */,
				5445E236159324E600A3137D /* tmbstr.h in Headers */,
				5445E238159324E600A3137D /* utf8.h in Headers */,
				5445E239159324E600A3137D /* version.h in Headers */,
				5445E23B159324E600A3137D /* win32tc.h in Headers */,
			);
			runOnlyForDeploymentPostprocessing = 0;
		};
		5F2A139A19DD86C8005817F9 /* Headers */ = {
			isa = PBXHeadersBuildPhase;
			buildActionMask = 2147483647;
			files = (
				5F2A143219DEA9AE005817F9 /* tidyenum.h in Headers */,
				5F2A142F19DEA9AE005817F9 /* buffio.h in Headers */,
				5F2A143019DEA9AE005817F9 /* platform.h in Headers */,
				5F2A13B319DD86D6005817F9 /* CTidy.h in Headers */,
				5F2A144D19DEAA92005817F9 /* tidy.h in Headers */,
				5F2A13A219DD86C8005817F9 /* TidyFramework.h in Headers */,
			);
			runOnlyForDeploymentPostprocessing = 0;
		};
		5F59B34F1C6CB58E000E40E7 /* Headers */ = {
			isa = PBXHeadersBuildPhase;
			buildActionMask = 2147483647;
			files = (
				5F59B3891C6CB610000E40E7 /* streamio.h in Headers */,
				5F59B3861C6CB610000E40E7 /* message.h in Headers */,
				5F59B38C1C6CB610000E40E7 /* tmbstr.h in Headers */,
				5F59B37E1C6CB610000E40E7 /* clean.h in Headers */,
				5F59B3801C6CB610000E40E7 /* entities.h in Headers */,
				5F59B3841C6CB610000E40E7 /* lexer.h in Headers */,
				5F59B3881C6CB610000E40E7 /* pprint.h in Headers */,
				5F59B38E1C6CB610000E40E7 /* win32tc.h in Headers */,
				5F59B37A1C6CB610000E40E7 /* access.h in Headers */,
				5F59B3821C6CB610000E40E7 /* forward.h in Headers */,
				5F59B37C1C6CB610000E40E7 /* attrs.h in Headers */,
				5F59B3831C6CB610000E40E7 /* iconvtc.h in Headers */,
				5F59B3791C6CB5EF000E40E7 /* CTidy.h in Headers */,
				5F59B38F1C6CB708000E40E7 /* TidyFramework.h in Headers */,
				5F59B38A1C6CB610000E40E7 /* tags.h in Headers */,
				5F59B37F1C6CB610000E40E7 /* config.h in Headers */,
				5F59B3851C6CB610000E40E7 /* mappedio.h in Headers */,
				5F59B38B1C6CB610000E40E7 /* tidy-int.h in Headers */,
				5F59B3871C6CB610000E40E7 /* parser.h in Headers */,
				5F59B3921C6CB73E000E40E7 /* buffio.h in Headers */,
				5F59B3911C6CB737000E40E7 /* tidyenum.h in Headers */,
				5F59B38D1C6CB610000E40E7 /* version.h in Headers */,
				5F59B37D1C6CB610000E40E7 /* charsets.h in Headers */,
				5F59B3811C6CB610000E40E7 /* fileio.h in Headers */,
				5F59B3901C6CB72B000E40E7 /* tidy.h in Headers */,
				5F59B37B1C6CB610000E40E7 /* attrdict.h in Headers */,
			);
			runOnlyForDeploymentPostprocessing = 0;
		};
/* End PBXHeadersBuildPhase section */

/* Begin PBXNativeTarget section */
		5445E1BA1593248A00A3137D /* CTidy */ = {
			isa = PBXNativeTarget;
			buildConfigurationList = 5445E1C81593248B00A3137D /* Build configuration list for PBXNativeTarget "CTidy" */;
			buildPhases = (
				5445E1B71593248A00A3137D /* Sources */,
				5445E1B81593248A00A3137D /* Frameworks */,
				5445E1B91593248A00A3137D /* Headers */,
			);
			buildRules = (
			);
			dependencies = (
			);
			name = CTidy;
			productName = CTidy;
			productReference = 5445E1BB1593248A00A3137D /* libCTidy.a */;
			productType = "com.apple.product-type.library.static";
		};
		5F2A139C19DD86C8005817F9 /* TidyFramework */ = {
			isa = PBXNativeTarget;
			buildConfigurationList = 5F2A13B119DD86C9005817F9 /* Build configuration list for PBXNativeTarget "TidyFramework" */;
			buildPhases = (
				5F2A139819DD86C8005817F9 /* Sources */,
				5F2A139919DD86C8005817F9 /* Frameworks */,
				5F2A139A19DD86C8005817F9 /* Headers */,
				5F2A139B19DD86C8005817F9 /* Resources */,
			);
			buildRules = (
			);
			dependencies = (
			);
			name = TidyFramework;
			productName = CTidyOSX;
			productReference = 5F2A139D19DD86C8005817F9 /* TidyFramework.framework */;
			productType = "com.apple.product-type.framework";
		};
		5F2A13A619DD86C8005817F9 /* CTidyOSXTests */ = {
			isa = PBXNativeTarget;
			buildConfigurationList = 5F2A13B219DD86C9005817F9 /* Build configuration list for PBXNativeTarget "CTidyOSXTests" */;
			buildPhases = (
				5F2A13A319DD86C8005817F9 /* Sources */,
				5F2A13A419DD86C8005817F9 /* Frameworks */,
				5F2A13A519DD86C8005817F9 /* Resources */,
			);
			buildRules = (
			);
			dependencies = (
			);
			name = CTidyOSXTests;
			productName = CTidyOSXTests;
			productReference = 5F2A13A719DD86C8005817F9 /* CTidyOSXTests.xctest */;
			productType = "com.apple.product-type.bundle.unit-test";
		};
		5F59B3511C6CB58E000E40E7 /* TidyFramework-iOS */ = {
			isa = PBXNativeTarget;
			buildConfigurationList = 5F59B35D1C6CB58E000E40E7 /* Build configuration list for PBXNativeTarget "TidyFramework-iOS" */;
			buildPhases = (
				5F59B34D1C6CB58E000E40E7 /* Sources */,
				5F59B34E1C6CB58E000E40E7 /* Frameworks */,
				5F59B34F1C6CB58E000E40E7 /* Headers */,
				5F59B3501C6CB58E000E40E7 /* Resources */,
			);
			buildRules = (
			);
			dependencies = (
			);
			name = "TidyFramework-iOS";
			productName = "TidyFramework-iOS";
			productReference = 5F59B3521C6CB58E000E40E7 /* TidyFramework.framework */;
			productType = "com.apple.product-type.framework";
		};
/* End PBXNativeTarget section */

/* Begin PBXProject section */
		5445E1B21593248A00A3137D /* Project object */ = {
			isa = PBXProject;
			attributes = {
				LastUpgradeCheck = 0700;
				ORGANIZATIONNAME = "Ignition Soft Limited";
				TargetAttributes = {
					5F2A139C19DD86C8005817F9 = {
						CreatedOnToolsVersion = 6.0.1;
					};
					5F2A13A619DD86C8005817F9 = {
						CreatedOnToolsVersion = 6.0.1;
					};
					5F59B3511C6CB58E000E40E7 = {
						CreatedOnToolsVersion = 7.2.1;
					};
				};
			};
			buildConfigurationList = 5445E1B51593248A00A3137D /* Build configuration list for PBXProject "CTidy" */;
			compatibilityVersion = "Xcode 3.2";
			developmentRegion = English;
			hasScannedForEncodings = 0;
			knownRegions = (
				en,
			);
			mainGroup = 5445E1B01593248A00A3137D;
			productRefGroup = 5445E1BC1593248A00A3137D /* Products */;
			projectDirPath = "";
			projectRoot = "";
			targets = (
				5445E1BA1593248A00A3137D /* CTidy */,
				5F2A139C19DD86C8005817F9 /* TidyFramework */,
				5F2A13A619DD86C8005817F9 /* CTidyOSXTests */,
				5F59B3511C6CB58E000E40E7 /* TidyFramework-iOS */,
			);
		};
/* End PBXProject section */

/* Begin PBXResourcesBuildPhase section */
		5F2A139B19DD86C8005817F9 /* Resources */ = {
			isa = PBXResourcesBuildPhase;
			buildActionMask = 2147483647;
			files = (
			);
			runOnlyForDeploymentPostprocessing = 0;
		};
		5F2A13A519DD86C8005817F9 /* Resources */ = {
			isa = PBXResourcesBuildPhase;
			buildActionMask = 2147483647;
			files = (
			);
			runOnlyForDeploymentPostprocessing = 0;
		};
		5F59B3501C6CB58E000E40E7 /* Resources */ = {
			isa = PBXResourcesBuildPhase;
			buildActionMask = 2147483647;
			files = (
			);
			runOnlyForDeploymentPostprocessing = 0;
		};
/* End PBXResourcesBuildPhase section */

/* Begin PBXSourcesBuildPhase section */
		5445E1B71593248A00A3137D /* Sources */ = {
			isa = PBXSourcesBuildPhase;
			buildActionMask = 2147483647;
			files = (
				5445E1C51593248B00A3137D /* CTidy.m in Sources */,
				5445E20C159324E600A3137D /* access.c in Sources */,
				5445E20E159324E600A3137D /* alloc.c in Sources */,
				5445E20F159324E600A3137D /* attrask.c in Sources */,
				5445E210159324E600A3137D /* attrdict.c in Sources */,
				5445E212159324E600A3137D /* attrget.c in Sources */,
				5445E213159324E600A3137D /* attrs.c in Sources */,
				5445E215159324E600A3137D /* buffio.c in Sources */,
				5445E216159324E600A3137D /* charsets.c in Sources */,
				5445E218159324E600A3137D /* clean.c in Sources */,
				5445E21A159324E600A3137D /* config.c in Sources */,
				5445E21C159324E600A3137D /* entities.c in Sources */,
				5445E21E159324E600A3137D /* fileio.c in Sources */,
				5445E221159324E600A3137D /* iconvtc.c in Sources */,
				5445E223159324E600A3137D /* istack.c in Sources */,
				5445E224159324E600A3137D /* lexer.c in Sources */,
				5445E226159324E600A3137D /* localize.c in Sources */,
				5445E227159324E600A3137D /* mappedio.c in Sources */,
				5445E22A159324E600A3137D /* parser.c in Sources */,
				5445E22C159324E600A3137D /* pprint.c in Sources */,
				5445E22E159324E600A3137D /* streamio.c in Sources */,
				5445E230159324E600A3137D /* tagask.c in Sources */,
				5445E231159324E600A3137D /* tags.c in Sources */,
				5445E234159324E600A3137D /* tidylib.c in Sources */,
				5445E235159324E600A3137D /* tmbstr.c in Sources */,
				5445E237159324E600A3137D /* utf8.c in Sources */,
				5445E23A159324E600A3137D /* win32tc.c in Sources */,
			);
			runOnlyForDeploymentPostprocessing = 0;
		};
		5F2A139819DD86C8005817F9 /* Sources */ = {
			isa = PBXSourcesBuildPhase;
			buildActionMask = 2147483647;
			files = (
				5F2A144B19DEAA0E005817F9 /* utf8.c in Sources */,
				5F2A144019DEAA0E005817F9 /* istack.c in Sources */,
				5F2A143D19DEAA0E005817F9 /* entities.c in Sources */,
				5F2A143519DEAA0E005817F9 /* attrask.c in Sources */,
				5F2A144C19DEAA0E005817F9 /* win32tc.c in Sources */,
				5F2A143719DEAA0E005817F9 /* attrget.c in Sources */,
				5F2A144319DEAA0E005817F9 /* mappedio.c in Sources */,
				5F2A143E19DEAA0E005817F9 /* fileio.c in Sources */,
				5F2A144419DEAA0E005817F9 /* parser.c in Sources */,
				5F2A143A19DEAA0E005817F9 /* charsets.c in Sources */,
				5F2A144A19DEAA0E005817F9 /* tmbstr.c in Sources */,
				5F2A144719DEAA0E005817F9 /* tagask.c in Sources */,
				5F2A144619DEAA0E005817F9 /* streamio.c in Sources */,
				5F2A143419DEAA0E005817F9 /* alloc.c in Sources */,
				5F2A144919DEAA0E005817F9 /* tidylib.c in Sources */,
				5F2A143819DEAA0E005817F9 /* attrs.c in Sources */,
				5F2A144119DEAA0E005817F9 /* lexer.c in Sources */,
				5F2A143B19DEAA0E005817F9 /* clean.c in Sources */,
				5F2A143F19DEAA0E005817F9 /* iconvtc.c in Sources */,
				5F2A143919DEAA0E005817F9 /* buffio.c in Sources */,
				5F2A13B419DD86D6005817F9 /* CTidy.m in Sources */,
				5F2A143619DEAA0E005817F9 /* attrdict.c in Sources */,
				5F2A144219DEAA0E005817F9 /* localize.c in Sources */,
				5F2A143319DEAA0E005817F9 /* access.c in Sources */,
				5F2A144519DEAA0E005817F9 /* pprint.c in Sources */,
				5F2A144819DEAA0E005817F9 /* tags.c in Sources */,
				5F2A143C19DEAA0E005817F9 /* config.c in Sources */,
			);
			runOnlyForDeploymentPostprocessing = 0;
		};
		5F2A13A319DD86C8005817F9 /* Sources */ = {
			isa = PBXSourcesBuildPhase;
			buildActionMask = 2147483647;
			files = (
				5F2A13AC19DD86C8005817F9 /* CTidyOSXTests.m in Sources */,
			);
			runOnlyForDeploymentPostprocessing = 0;
		};
		5F59B34D1C6CB58E000E40E7 /* Sources */ = {
			isa = PBXSourcesBuildPhase;
			buildActionMask = 2147483647;
			files = (
				5F59B36B1C6CB5CF000E40E7 /* istack.c in Sources */,
				5F59B3651C6CB5CF000E40E7 /* charsets.c in Sources */,
				5F59B3741C6CB5CF000E40E7 /* tidylib.c in Sources */,
				5F59B3781C6CB5EC000E40E7 /* CTidy.m in Sources */,
				5F59B3631C6CB5CF000E40E7 /* attrs.c in Sources */,
				5F59B3771C6CB5CF000E40E7 /* win32tc.c in Sources */,
				5F59B3711C6CB5CF000E40E7 /* streamio.c in Sources */,
				5F59B35E1C6CB5CF000E40E7 /* access.c in Sources */,
				5F59B36F1C6CB5CF000E40E7 /* parser.c in Sources */,
				5F59B3601C6CB5CF000E40E7 /* attrask.c in Sources */,
				5F59B3721C6CB5CF000E40E7 /* tagask.c in Sources */,
				5F59B3621C6CB5CF000E40E7 /* attrget.c in Sources */,
				5F59B36C1C6CB5CF000E40E7 /* lexer.c in Sources */,
				5F59B3701C6CB5CF000E40E7 /* pprint.c in Sources */,
				5F59B3691C6CB5CF000E40E7 /* fileio.c in Sources */,
				5F59B3751C6CB5CF000E40E7 /* tmbstr.c in Sources */,
				5F59B3641C6CB5CF000E40E7 /* buffio.c in Sources */,
				5F59B3761C6CB5CF000E40E7 /* utf8.c in Sources */,
				5F59B3661C6CB5CF000E40E7 /* clean.c in Sources */,
				5F59B3681C6CB5CF000E40E7 /* entities.c in Sources */,
				5F59B3611C6CB5CF000E40E7 /* attrdict.c in Sources */,
				5F59B3731C6CB5CF000E40E7 /* tags.c in Sources */,
				5F59B36E1C6CB5CF000E40E7 /* mappedio.c in Sources */,
				5F59B35F1C6CB5CF000E40E7 /* alloc.c in Sources */,
				5F59B3671C6CB5CF000E40E7 /* config.c in Sources */,
				5F59B36D1C6CB5CF000E40E7 /* localize.c in Sources */,
				5F59B36A1C6CB5CF000E40E7 /* iconvtc.c in Sources */,
			);
			runOnlyForDeploymentPostprocessing = 0;
		};
/* End PBXSourcesBuildPhase section */

/* Begin XCBuildConfiguration section */
		5445E1C61593248B00A3137D /* Debug */ = {
			isa = XCBuildConfiguration;
			buildSettings = {
				ALWAYS_SEARCH_USER_PATHS = NO;
				CLANG_WARN_BOOL_CONVERSION = YES;
				CLANG_WARN_CONSTANT_CONVERSION = YES;
				CLANG_WARN_EMPTY_BODY = YES;
				CLANG_WARN_ENUM_CONVERSION = YES;
				CLANG_WARN_INT_CONVERSION = YES;
				CLANG_WARN_UNREACHABLE_CODE = YES;
				CLANG_WARN__DUPLICATE_METHOD_MATCH = YES;
				COPY_PHASE_STRIP = NO;
				ENABLE_STRICT_OBJC_MSGSEND = YES;
				ENABLE_TESTABILITY = YES;
				GCC_C_LANGUAGE_STANDARD = gnu99;
				GCC_DYNAMIC_NO_PIC = NO;
				GCC_NO_COMMON_BLOCKS = YES;
				GCC_OPTIMIZATION_LEVEL = 0;
				GCC_PREPROCESSOR_DEFINITIONS = (
					"DEBUG=1",
					"$(inherited)",
				);
				GCC_SYMBOLS_PRIVATE_EXTERN = NO;
				GCC_VERSION = com.apple.compilers.llvm.clang.1_0;
				GCC_WARN_64_TO_32_BIT_CONVERSION = YES;
				GCC_WARN_ABOUT_RETURN_TYPE = YES;
				GCC_WARN_UNDECLARED_SELECTOR = YES;
				GCC_WARN_UNINITIALIZED_AUTOS = YES;
				GCC_WARN_UNUSED_FUNCTION = YES;
				GCC_WARN_UNUSED_VARIABLE = YES;
				IPHONEOS_DEPLOYMENT_TARGET = 5.1;
				ONLY_ACTIVE_ARCH = YES;
				SDKROOT = iphoneos;
			};
			name = Debug;
		};
		5445E1C71593248B00A3137D /* Release */ = {
			isa = XCBuildConfiguration;
			buildSettings = {
				ALWAYS_SEARCH_USER_PATHS = NO;
				CLANG_WARN_BOOL_CONVERSION = YES;
				CLANG_WARN_CONSTANT_CONVERSION = YES;
				CLANG_WARN_EMPTY_BODY = YES;
				CLANG_WARN_ENUM_CONVERSION = YES;
				CLANG_WARN_INT_CONVERSION = YES;
				CLANG_WARN_UNREACHABLE_CODE = YES;
				CLANG_WARN__DUPLICATE_METHOD_MATCH = YES;
				COPY_PHASE_STRIP = YES;
				ENABLE_STRICT_OBJC_MSGSEND = YES;
				GCC_C_LANGUAGE_STANDARD = gnu99;
				GCC_NO_COMMON_BLOCKS = YES;
				GCC_VERSION = com.apple.compilers.llvm.clang.1_0;
				GCC_WARN_64_TO_32_BIT_CONVERSION = YES;
				GCC_WARN_ABOUT_RETURN_TYPE = YES;
				GCC_WARN_UNDECLARED_SELECTOR = YES;
				GCC_WARN_UNINITIALIZED_AUTOS = YES;
				GCC_WARN_UNUSED_FUNCTION = YES;
				GCC_WARN_UNUSED_VARIABLE = YES;
				IPHONEOS_DEPLOYMENT_TARGET = 5.1;
				SDKROOT = iphoneos;
				VALIDATE_PRODUCT = YES;
			};
			name = Release;
		};
		5445E1C91593248B00A3137D /* Debug */ = {
			isa = XCBuildConfiguration;
			buildSettings = {
				DSTROOT = /tmp/CTidy.dst;
				GCC_PRECOMPILE_PREFIX_HEADER = YES;
				GCC_PREFIX_HEADER = "CTidy/CTidy-Prefix.pch";
				GCC_WARN_ABOUT_DEPRECATED_FUNCTIONS = NO;
				IPHONEOS_DEPLOYMENT_TARGET = 5.0;
				OTHER_CFLAGS = (
					"-Wno-deprecated",
					"-Wno-deprecated-declarations",
				);
				OTHER_LDFLAGS = "-ObjC";
				PRODUCT_NAME = "$(TARGET_NAME)";
				SKIP_INSTALL = YES;
			};
			name = Debug;
		};
		5445E1CA1593248B00A3137D /* Release */ = {
			isa = XCBuildConfiguration;
			buildSettings = {
				DSTROOT = /tmp/CTidy.dst;
				GCC_PRECOMPILE_PREFIX_HEADER = YES;
				GCC_PREFIX_HEADER = "CTidy/CTidy-Prefix.pch";
				GCC_WARN_ABOUT_DEPRECATED_FUNCTIONS = NO;
				IPHONEOS_DEPLOYMENT_TARGET = 5.0;
				OTHER_CFLAGS = (
					"-Wno-deprecated",
					"-Wno-deprecated-declarations",
				);
				OTHER_LDFLAGS = "-ObjC";
				PRODUCT_NAME = "$(TARGET_NAME)";
				SKIP_INSTALL = YES;
			};
			name = Release;
		};
		5F2A13AD19DD86C8005817F9 /* Debug */ = {
			isa = XCBuildConfiguration;
			buildSettings = {
				CLANG_CXX_LANGUAGE_STANDARD = "gnu++0x";
				CLANG_CXX_LIBRARY = "libc++";
				CLANG_ENABLE_MODULES = YES;
				CLANG_ENABLE_OBJC_ARC = YES;
				CLANG_WARN_BOOL_CONVERSION = YES;
				CLANG_WARN_CONSTANT_CONVERSION = YES;
				CLANG_WARN_DIRECT_OBJC_ISA_USAGE = YES_ERROR;
				CLANG_WARN_EMPTY_BODY = YES;
				CLANG_WARN_ENUM_CONVERSION = YES;
				CLANG_WARN_INT_CONVERSION = YES;
				CLANG_WARN_OBJC_ROOT_CLASS = YES_ERROR;
				CLANG_WARN_UNREACHABLE_CODE = YES;
				CLANG_WARN__DUPLICATE_METHOD_MATCH = YES;
				COMBINE_HIDPI_IMAGES = YES;
				CURRENT_PROJECT_VERSION = 1;
				DEFINES_MODULE = YES;
				DYLIB_COMPATIBILITY_VERSION = 1;
				DYLIB_CURRENT_VERSION = 1;
				DYLIB_INSTALL_NAME_BASE = "@rpath";
				ENABLE_STRICT_OBJC_MSGSEND = YES;
				FRAMEWORK_VERSION = A;
				GCC_PREPROCESSOR_DEFINITIONS = (
					"DEBUG=1",
					"$(inherited)",
				);
				GCC_WARN_64_TO_32_BIT_CONVERSION = NO;
				GCC_WARN_ABOUT_DEPRECATED_FUNCTIONS = NO;
				GCC_WARN_ABOUT_RETURN_TYPE = YES_ERROR;
				GCC_WARN_TYPECHECK_CALLS_TO_PRINTF = NO;
				GCC_WARN_UNDECLARED_SELECTOR = YES;
				GCC_WARN_UNINITIALIZED_AUTOS = YES_AGGRESSIVE;
				GCC_WARN_UNUSED_FUNCTION = YES;
				GCC_WARN_UNUSED_VARIABLE = NO;
				INFOPLIST_FILE = CTidyOSX/Info.plist;
				INSTALL_PATH = "$(LOCAL_LIBRARY_DIR)/Frameworks";
				LD_DYLIB_INSTALL_NAME = "@rpath/$(EXECUTABLE_PATH)";
				LD_RUNPATH_SEARCH_PATHS = "$(inherited) @executable_path/../Frameworks @loader_path/Frameworks";
				MACOSX_DEPLOYMENT_TARGET = 10.8;
				MTL_ENABLE_DEBUG_INFO = YES;
				ONLY_ACTIVE_ARCH = YES;
				PRODUCT_BUNDLE_IDENTIFIER = "net.piipari.$(PRODUCT_NAME:rfc1034identifier)";
				PRODUCT_NAME = "$(TARGET_NAME)";
				SDKROOT = macosx;
				SKIP_INSTALL = YES;
				VERSIONING_SYSTEM = "apple-generic";
				VERSION_INFO_PREFIX = "";
			};
			name = Debug;
		};
		5F2A13AE19DD86C8005817F9 /* Release */ = {
			isa = XCBuildConfiguration;
			buildSettings = {
				CLANG_CXX_LANGUAGE_STANDARD = "gnu++0x";
				CLANG_CXX_LIBRARY = "libc++";
				CLANG_ENABLE_MODULES = YES;
				CLANG_ENABLE_OBJC_ARC = YES;
				CLANG_WARN_BOOL_CONVERSION = YES;
				CLANG_WARN_CONSTANT_CONVERSION = YES;
				CLANG_WARN_DIRECT_OBJC_ISA_USAGE = YES_ERROR;
				CLANG_WARN_EMPTY_BODY = YES;
				CLANG_WARN_ENUM_CONVERSION = YES;
				CLANG_WARN_INT_CONVERSION = YES;
				CLANG_WARN_OBJC_ROOT_CLASS = YES_ERROR;
				CLANG_WARN_UNREACHABLE_CODE = YES;
				CLANG_WARN__DUPLICATE_METHOD_MATCH = YES;
				COMBINE_HIDPI_IMAGES = YES;
				CURRENT_PROJECT_VERSION = 1;
				DEBUG_INFORMATION_FORMAT = "dwarf-with-dsym";
				DEFINES_MODULE = YES;
				DYLIB_COMPATIBILITY_VERSION = 1;
				DYLIB_CURRENT_VERSION = 1;
				DYLIB_INSTALL_NAME_BASE = "@rpath";
				ENABLE_NS_ASSERTIONS = NO;
				ENABLE_STRICT_OBJC_MSGSEND = YES;
				FRAMEWORK_VERSION = A;
				GCC_WARN_64_TO_32_BIT_CONVERSION = NO;
				GCC_WARN_ABOUT_DEPRECATED_FUNCTIONS = NO;
				GCC_WARN_ABOUT_RETURN_TYPE = YES_ERROR;
				GCC_WARN_TYPECHECK_CALLS_TO_PRINTF = NO;
				GCC_WARN_UNDECLARED_SELECTOR = YES;
				GCC_WARN_UNINITIALIZED_AUTOS = YES_AGGRESSIVE;
				GCC_WARN_UNUSED_FUNCTION = YES;
				GCC_WARN_UNUSED_VARIABLE = NO;
				INFOPLIST_FILE = CTidyOSX/Info.plist;
				INSTALL_PATH = "$(LOCAL_LIBRARY_DIR)/Frameworks";
				LD_DYLIB_INSTALL_NAME = "@rpath/$(EXECUTABLE_PATH)";
				LD_RUNPATH_SEARCH_PATHS = "$(inherited) @executable_path/../Frameworks @loader_path/Frameworks";
				MACOSX_DEPLOYMENT_TARGET = 10.8;
				MTL_ENABLE_DEBUG_INFO = NO;
				PRODUCT_BUNDLE_IDENTIFIER = "net.piipari.$(PRODUCT_NAME:rfc1034identifier)";
				PRODUCT_NAME = "$(TARGET_NAME)";
				SDKROOT = macosx;
				SKIP_INSTALL = YES;
				VERSIONING_SYSTEM = "apple-generic";
				VERSION_INFO_PREFIX = "";
			};
			name = Release;
		};
		5F2A13AF19DD86C8005817F9 /* Debug */ = {
			isa = XCBuildConfiguration;
			buildSettings = {
				CLANG_CXX_LANGUAGE_STANDARD = "gnu++0x";
				CLANG_CXX_LIBRARY = "libc++";
				CLANG_ENABLE_MODULES = YES;
				CLANG_ENABLE_OBJC_ARC = YES;
				CLANG_WARN_BOOL_CONVERSION = YES;
				CLANG_WARN_CONSTANT_CONVERSION = YES;
				CLANG_WARN_DIRECT_OBJC_ISA_USAGE = YES_ERROR;
				CLANG_WARN_EMPTY_BODY = YES;
				CLANG_WARN_ENUM_CONVERSION = YES;
				CLANG_WARN_INT_CONVERSION = YES;
				CLANG_WARN_OBJC_ROOT_CLASS = YES_ERROR;
				CLANG_WARN_UNREACHABLE_CODE = YES;
				CLANG_WARN__DUPLICATE_METHOD_MATCH = YES;
				COMBINE_HIDPI_IMAGES = YES;
				ENABLE_STRICT_OBJC_MSGSEND = YES;
				FRAMEWORK_SEARCH_PATHS = (
					"$(DEVELOPER_FRAMEWORKS_DIR)",
					"$(inherited)",
				);
				GCC_PREPROCESSOR_DEFINITIONS = (
					"DEBUG=1",
					"$(inherited)",
				);
				GCC_WARN_64_TO_32_BIT_CONVERSION = YES;
				GCC_WARN_ABOUT_RETURN_TYPE = YES_ERROR;
				GCC_WARN_UNDECLARED_SELECTOR = YES;
				GCC_WARN_UNINITIALIZED_AUTOS = YES_AGGRESSIVE;
				GCC_WARN_UNUSED_FUNCTION = YES;
				INFOPLIST_FILE = CTidyOSXTests/Info.plist;
				LD_RUNPATH_SEARCH_PATHS = "$(inherited) @executable_path/../Frameworks @loader_path/../Frameworks";
				MACOSX_DEPLOYMENT_TARGET = 10.10;
				MTL_ENABLE_DEBUG_INFO = YES;
				ONLY_ACTIVE_ARCH = YES;
				PRODUCT_BUNDLE_IDENTIFIER = "net.piipari.$(PRODUCT_NAME:rfc1034identifier)";
				PRODUCT_NAME = "$(TARGET_NAME)";
				SDKROOT = macosx;
			};
			name = Debug;
		};
		5F2A13B019DD86C8005817F9 /* Release */ = {
			isa = XCBuildConfiguration;
			buildSettings = {
				CLANG_CXX_LANGUAGE_STANDARD = "gnu++0x";
				CLANG_CXX_LIBRARY = "libc++";
				CLANG_ENABLE_MODULES = YES;
				CLANG_ENABLE_OBJC_ARC = YES;
				CLANG_WARN_BOOL_CONVERSION = YES;
				CLANG_WARN_CONSTANT_CONVERSION = YES;
				CLANG_WARN_DIRECT_OBJC_ISA_USAGE = YES_ERROR;
				CLANG_WARN_EMPTY_BODY = YES;
				CLANG_WARN_ENUM_CONVERSION = YES;
				CLANG_WARN_INT_CONVERSION = YES;
				CLANG_WARN_OBJC_ROOT_CLASS = YES_ERROR;
				CLANG_WARN_UNREACHABLE_CODE = YES;
				CLANG_WARN__DUPLICATE_METHOD_MATCH = YES;
				COMBINE_HIDPI_IMAGES = YES;
				DEBUG_INFORMATION_FORMAT = "dwarf-with-dsym";
				ENABLE_NS_ASSERTIONS = NO;
				ENABLE_STRICT_OBJC_MSGSEND = YES;
				FRAMEWORK_SEARCH_PATHS = (
					"$(DEVELOPER_FRAMEWORKS_DIR)",
					"$(inherited)",
				);
				GCC_WARN_64_TO_32_BIT_CONVERSION = YES;
				GCC_WARN_ABOUT_RETURN_TYPE = YES_ERROR;
				GCC_WARN_UNDECLARED_SELECTOR = YES;
				GCC_WARN_UNINITIALIZED_AUTOS = YES_AGGRESSIVE;
				GCC_WARN_UNUSED_FUNCTION = YES;
				INFOPLIST_FILE = CTidyOSXTests/Info.plist;
				LD_RUNPATH_SEARCH_PATHS = "$(inherited) @executable_path/../Frameworks @loader_path/../Frameworks";
				MACOSX_DEPLOYMENT_TARGET = 10.10;
				MTL_ENABLE_DEBUG_INFO = NO;
				PRODUCT_BUNDLE_IDENTIFIER = "net.piipari.$(PRODUCT_NAME:rfc1034identifier)";
				PRODUCT_NAME = "$(TARGET_NAME)";
				SDKROOT = macosx;
			};
			name = Release;
		};
		5F511A141BB752FD005E4A2E /* AppStoreRelease */ = {
			isa = XCBuildConfiguration;
			buildSettings = {
				ALWAYS_SEARCH_USER_PATHS = NO;
				CLANG_WARN_BOOL_CONVERSION = YES;
				CLANG_WARN_CONSTANT_CONVERSION = YES;
				CLANG_WARN_EMPTY_BODY = YES;
				CLANG_WARN_ENUM_CONVERSION = YES;
				CLANG_WARN_INT_CONVERSION = YES;
				CLANG_WARN_UNREACHABLE_CODE = YES;
				CLANG_WARN__DUPLICATE_METHOD_MATCH = YES;
				COPY_PHASE_STRIP = YES;
				ENABLE_STRICT_OBJC_MSGSEND = YES;
				GCC_C_LANGUAGE_STANDARD = gnu99;
				GCC_NO_COMMON_BLOCKS = YES;
				GCC_VERSION = com.apple.compilers.llvm.clang.1_0;
				GCC_WARN_64_TO_32_BIT_CONVERSION = YES;
				GCC_WARN_ABOUT_RETURN_TYPE = YES;
				GCC_WARN_UNDECLARED_SELECTOR = YES;
				GCC_WARN_UNINITIALIZED_AUTOS = YES;
				GCC_WARN_UNUSED_FUNCTION = YES;
				GCC_WARN_UNUSED_VARIABLE = YES;
				IPHONEOS_DEPLOYMENT_TARGET = 5.1;
				SDKROOT = iphoneos;
				VALIDATE_PRODUCT = YES;
			};
			name = AppStoreRelease;
		};
		5F511A151BB752FD005E4A2E /* AppStoreRelease */ = {
			isa = XCBuildConfiguration;
			buildSettings = {
				DSTROOT = /tmp/CTidy.dst;
				GCC_PRECOMPILE_PREFIX_HEADER = YES;
				GCC_PREFIX_HEADER = "CTidy/CTidy-Prefix.pch";
				GCC_WARN_ABOUT_DEPRECATED_FUNCTIONS = NO;
				IPHONEOS_DEPLOYMENT_TARGET = 5.0;
				OTHER_CFLAGS = (
					"-Wno-deprecated",
					"-Wno-deprecated-declarations",
				);
				OTHER_LDFLAGS = "-ObjC";
				PRODUCT_NAME = "$(TARGET_NAME)";
				SKIP_INSTALL = YES;
			};
			name = AppStoreRelease;
		};
		5F511A161BB752FD005E4A2E /* AppStoreRelease */ = {
			isa = XCBuildConfiguration;
			buildSettings = {
				CLANG_CXX_LANGUAGE_STANDARD = "gnu++0x";
				CLANG_CXX_LIBRARY = "libc++";
				CLANG_ENABLE_MODULES = YES;
				CLANG_ENABLE_OBJC_ARC = YES;
				CLANG_WARN_BOOL_CONVERSION = YES;
				CLANG_WARN_CONSTANT_CONVERSION = YES;
				CLANG_WARN_DIRECT_OBJC_ISA_USAGE = YES_ERROR;
				CLANG_WARN_EMPTY_BODY = YES;
				CLANG_WARN_ENUM_CONVERSION = YES;
				CLANG_WARN_INT_CONVERSION = YES;
				CLANG_WARN_OBJC_ROOT_CLASS = YES_ERROR;
				CLANG_WARN_UNREACHABLE_CODE = YES;
				CLANG_WARN__DUPLICATE_METHOD_MATCH = YES;
				COMBINE_HIDPI_IMAGES = YES;
				CURRENT_PROJECT_VERSION = 1;
				DEBUG_INFORMATION_FORMAT = "dwarf-with-dsym";
				DEFINES_MODULE = YES;
				DYLIB_COMPATIBILITY_VERSION = 1;
				DYLIB_CURRENT_VERSION = 1;
				DYLIB_INSTALL_NAME_BASE = "@rpath";
				ENABLE_NS_ASSERTIONS = NO;
				ENABLE_STRICT_OBJC_MSGSEND = YES;
				FRAMEWORK_VERSION = A;
				GCC_WARN_64_TO_32_BIT_CONVERSION = NO;
				GCC_WARN_ABOUT_DEPRECATED_FUNCTIONS = NO;
				GCC_WARN_ABOUT_RETURN_TYPE = YES_ERROR;
				GCC_WARN_TYPECHECK_CALLS_TO_PRINTF = NO;
				GCC_WARN_UNDECLARED_SELECTOR = YES;
				GCC_WARN_UNINITIALIZED_AUTOS = YES_AGGRESSIVE;
				GCC_WARN_UNUSED_FUNCTION = YES;
				GCC_WARN_UNUSED_VARIABLE = NO;
				INFOPLIST_FILE = CTidyOSX/Info.plist;
				INSTALL_PATH = "$(LOCAL_LIBRARY_DIR)/Frameworks";
				LD_DYLIB_INSTALL_NAME = "@rpath/$(EXECUTABLE_PATH)";
				LD_RUNPATH_SEARCH_PATHS = "$(inherited) @executable_path/../Frameworks @loader_path/Frameworks";
				MACOSX_DEPLOYMENT_TARGET = 10.8;
				MTL_ENABLE_DEBUG_INFO = NO;
				PRODUCT_BUNDLE_IDENTIFIER = "net.piipari.$(PRODUCT_NAME:rfc1034identifier)";
				PRODUCT_NAME = "$(TARGET_NAME)";
				SDKROOT = macosx;
				SKIP_INSTALL = YES;
				VERSIONING_SYSTEM = "apple-generic";
				VERSION_INFO_PREFIX = "";
			};
			name = AppStoreRelease;
		};
		5F511A171BB752FD005E4A2E /* AppStoreRelease */ = {
			isa = XCBuildConfiguration;
			buildSettings = {
				CLANG_CXX_LANGUAGE_STANDARD = "gnu++0x";
				CLANG_CXX_LIBRARY = "libc++";
				CLANG_ENABLE_MODULES = YES;
				CLANG_ENABLE_OBJC_ARC = YES;
				CLANG_WARN_BOOL_CONVERSION = YES;
				CLANG_WARN_CONSTANT_CONVERSION = YES;
				CLANG_WARN_DIRECT_OBJC_ISA_USAGE = YES_ERROR;
				CLANG_WARN_EMPTY_BODY = YES;
				CLANG_WARN_ENUM_CONVERSION = YES;
				CLANG_WARN_INT_CONVERSION = YES;
				CLANG_WARN_OBJC_ROOT_CLASS = YES_ERROR;
				CLANG_WARN_UNREACHABLE_CODE = YES;
				CLANG_WARN__DUPLICATE_METHOD_MATCH = YES;
				COMBINE_HIDPI_IMAGES = YES;
				DEBUG_INFORMATION_FORMAT = "dwarf-with-dsym";
				ENABLE_NS_ASSERTIONS = NO;
				ENABLE_STRICT_OBJC_MSGSEND = YES;
				FRAMEWORK_SEARCH_PATHS = (
					"$(DEVELOPER_FRAMEWORKS_DIR)",
					"$(inherited)",
				);
				GCC_WARN_64_TO_32_BIT_CONVERSION = YES;
				GCC_WARN_ABOUT_RETURN_TYPE = YES_ERROR;
				GCC_WARN_UNDECLARED_SELECTOR = YES;
				GCC_WARN_UNINITIALIZED_AUTOS = YES_AGGRESSIVE;
				GCC_WARN_UNUSED_FUNCTION = YES;
				INFOPLIST_FILE = CTidyOSXTests/Info.plist;
				LD_RUNPATH_SEARCH_PATHS = "$(inherited) @executable_path/../Frameworks @loader_path/../Frameworks";
				MACOSX_DEPLOYMENT_TARGET = 10.10;
				MTL_ENABLE_DEBUG_INFO = NO;
				PRODUCT_BUNDLE_IDENTIFIER = "net.piipari.$(PRODUCT_NAME:rfc1034identifier)";
				PRODUCT_NAME = "$(TARGET_NAME)";
				SDKROOT = macosx;
			};
			name = AppStoreRelease;
		};
		5F511A781BB7565B005E4A2E /* AppStoreDebug */ = {
			isa = XCBuildConfiguration;
			buildSettings = {
				ALWAYS_SEARCH_USER_PATHS = NO;
				CLANG_WARN_BOOL_CONVERSION = YES;
				CLANG_WARN_CONSTANT_CONVERSION = YES;
				CLANG_WARN_EMPTY_BODY = YES;
				CLANG_WARN_ENUM_CONVERSION = YES;
				CLANG_WARN_INT_CONVERSION = YES;
				CLANG_WARN_UNREACHABLE_CODE = YES;
				CLANG_WARN__DUPLICATE_METHOD_MATCH = YES;
				COPY_PHASE_STRIP = NO;
				ENABLE_STRICT_OBJC_MSGSEND = YES;
				ENABLE_TESTABILITY = YES;
				GCC_C_LANGUAGE_STANDARD = gnu99;
				GCC_DYNAMIC_NO_PIC = NO;
				GCC_NO_COMMON_BLOCKS = YES;
				GCC_OPTIMIZATION_LEVEL = 0;
				GCC_PREPROCESSOR_DEFINITIONS = (
					"DEBUG=1",
					"$(inherited)",
				);
				GCC_SYMBOLS_PRIVATE_EXTERN = NO;
				GCC_VERSION = com.apple.compilers.llvm.clang.1_0;
				GCC_WARN_64_TO_32_BIT_CONVERSION = YES;
				GCC_WARN_ABOUT_RETURN_TYPE = YES;
				GCC_WARN_UNDECLARED_SELECTOR = YES;
				GCC_WARN_UNINITIALIZED_AUTOS = YES;
				GCC_WARN_UNUSED_FUNCTION = YES;
				GCC_WARN_UNUSED_VARIABLE = YES;
				IPHONEOS_DEPLOYMENT_TARGET = 5.1;
				ONLY_ACTIVE_ARCH = YES;
				SDKROOT = iphoneos;
			};
			name = AppStoreDebug;
		};
		5F511A791BB7565B005E4A2E /* AppStoreDebug */ = {
			isa = XCBuildConfiguration;
			buildSettings = {
				DSTROOT = /tmp/CTidy.dst;
				GCC_PRECOMPILE_PREFIX_HEADER = YES;
				GCC_PREFIX_HEADER = "CTidy/CTidy-Prefix.pch";
				GCC_WARN_ABOUT_DEPRECATED_FUNCTIONS = NO;
				IPHONEOS_DEPLOYMENT_TARGET = 5.0;
				OTHER_CFLAGS = (
					"-Wno-deprecated",
					"-Wno-deprecated-declarations",
				);
				OTHER_LDFLAGS = "-ObjC";
				PRODUCT_NAME = "$(TARGET_NAME)";
				SKIP_INSTALL = YES;
			};
			name = AppStoreDebug;
		};
		5F511A7A1BB7565B005E4A2E /* AppStoreDebug */ = {
			isa = XCBuildConfiguration;
			buildSettings = {
				CLANG_CXX_LANGUAGE_STANDARD = "gnu++0x";
				CLANG_CXX_LIBRARY = "libc++";
				CLANG_ENABLE_MODULES = YES;
				CLANG_ENABLE_OBJC_ARC = YES;
				CLANG_WARN_BOOL_CONVERSION = YES;
				CLANG_WARN_CONSTANT_CONVERSION = YES;
				CLANG_WARN_DIRECT_OBJC_ISA_USAGE = YES_ERROR;
				CLANG_WARN_EMPTY_BODY = YES;
				CLANG_WARN_ENUM_CONVERSION = YES;
				CLANG_WARN_INT_CONVERSION = YES;
				CLANG_WARN_OBJC_ROOT_CLASS = YES_ERROR;
				CLANG_WARN_UNREACHABLE_CODE = YES;
				CLANG_WARN__DUPLICATE_METHOD_MATCH = YES;
				COMBINE_HIDPI_IMAGES = YES;
				CURRENT_PROJECT_VERSION = 1;
				DEFINES_MODULE = YES;
				DYLIB_COMPATIBILITY_VERSION = 1;
				DYLIB_CURRENT_VERSION = 1;
				DYLIB_INSTALL_NAME_BASE = "@rpath";
				ENABLE_STRICT_OBJC_MSGSEND = YES;
				FRAMEWORK_VERSION = A;
				GCC_PREPROCESSOR_DEFINITIONS = (
					"DEBUG=1",
					"$(inherited)",
				);
				GCC_WARN_64_TO_32_BIT_CONVERSION = NO;
				GCC_WARN_ABOUT_DEPRECATED_FUNCTIONS = NO;
				GCC_WARN_ABOUT_RETURN_TYPE = YES_ERROR;
				GCC_WARN_TYPECHECK_CALLS_TO_PRINTF = NO;
				GCC_WARN_UNDECLARED_SELECTOR = YES;
				GCC_WARN_UNINITIALIZED_AUTOS = YES_AGGRESSIVE;
				GCC_WARN_UNUSED_FUNCTION = YES;
				GCC_WARN_UNUSED_VARIABLE = NO;
				INFOPLIST_FILE = CTidyOSX/Info.plist;
				INSTALL_PATH = "$(LOCAL_LIBRARY_DIR)/Frameworks";
				LD_DYLIB_INSTALL_NAME = "@rpath/$(EXECUTABLE_PATH)";
				LD_RUNPATH_SEARCH_PATHS = "$(inherited) @executable_path/../Frameworks @loader_path/Frameworks";
				MACOSX_DEPLOYMENT_TARGET = 10.8;
				MTL_ENABLE_DEBUG_INFO = YES;
				ONLY_ACTIVE_ARCH = YES;
				PRODUCT_BUNDLE_IDENTIFIER = "net.piipari.$(PRODUCT_NAME:rfc1034identifier)";
				PRODUCT_NAME = "$(TARGET_NAME)";
				SDKROOT = macosx;
				SKIP_INSTALL = YES;
				VERSIONING_SYSTEM = "apple-generic";
				VERSION_INFO_PREFIX = "";
			};
			name = AppStoreDebug;
		};
		5F511A7B1BB7565B005E4A2E /* AppStoreDebug */ = {
			isa = XCBuildConfiguration;
			buildSettings = {
				CLANG_CXX_LANGUAGE_STANDARD = "gnu++0x";
				CLANG_CXX_LIBRARY = "libc++";
				CLANG_ENABLE_MODULES = YES;
				CLANG_ENABLE_OBJC_ARC = YES;
				CLANG_WARN_BOOL_CONVERSION = YES;
				CLANG_WARN_CONSTANT_CONVERSION = YES;
				CLANG_WARN_DIRECT_OBJC_ISA_USAGE = YES_ERROR;
				CLANG_WARN_EMPTY_BODY = YES;
				CLANG_WARN_ENUM_CONVERSION = YES;
				CLANG_WARN_INT_CONVERSION = YES;
				CLANG_WARN_OBJC_ROOT_CLASS = YES_ERROR;
				CLANG_WARN_UNREACHABLE_CODE = YES;
				CLANG_WARN__DUPLICATE_METHOD_MATCH = YES;
				COMBINE_HIDPI_IMAGES = YES;
				ENABLE_STRICT_OBJC_MSGSEND = YES;
				FRAMEWORK_SEARCH_PATHS = (
					"$(DEVELOPER_FRAMEWORKS_DIR)",
					"$(inherited)",
				);
				GCC_PREPROCESSOR_DEFINITIONS = (
					"DEBUG=1",
					"$(inherited)",
				);
				GCC_WARN_64_TO_32_BIT_CONVERSION = YES;
				GCC_WARN_ABOUT_RETURN_TYPE = YES_ERROR;
				GCC_WARN_UNDECLARED_SELECTOR = YES;
				GCC_WARN_UNINITIALIZED_AUTOS = YES_AGGRESSIVE;
				GCC_WARN_UNUSED_FUNCTION = YES;
				INFOPLIST_FILE = CTidyOSXTests/Info.plist;
				LD_RUNPATH_SEARCH_PATHS = "$(inherited) @executable_path/../Frameworks @loader_path/../Frameworks";
				MACOSX_DEPLOYMENT_TARGET = 10.10;
				MTL_ENABLE_DEBUG_INFO = YES;
				ONLY_ACTIVE_ARCH = YES;
				PRODUCT_BUNDLE_IDENTIFIER = "net.piipari.$(PRODUCT_NAME:rfc1034identifier)";
				PRODUCT_NAME = "$(TARGET_NAME)";
				SDKROOT = macosx;
			};
			name = AppStoreDebug;
		};
		5F5865E61AC8650A000DC9D4 /* Internal */ = {
			isa = XCBuildConfiguration;
			buildSettings = {
				ALWAYS_SEARCH_USER_PATHS = NO;
				CLANG_WARN_BOOL_CONVERSION = YES;
				CLANG_WARN_CONSTANT_CONVERSION = YES;
				CLANG_WARN_EMPTY_BODY = YES;
				CLANG_WARN_ENUM_CONVERSION = YES;
				CLANG_WARN_INT_CONVERSION = YES;
				CLANG_WARN_UNREACHABLE_CODE = YES;
				CLANG_WARN__DUPLICATE_METHOD_MATCH = YES;
				COPY_PHASE_STRIP = NO;
				ENABLE_STRICT_OBJC_MSGSEND = YES;
				GCC_C_LANGUAGE_STANDARD = gnu99;
				GCC_DYNAMIC_NO_PIC = NO;
				GCC_NO_COMMON_BLOCKS = YES;
				GCC_OPTIMIZATION_LEVEL = 0;
				GCC_PREPROCESSOR_DEFINITIONS = (
					"DEBUG=1",
					"$(inherited)",
				);
				GCC_SYMBOLS_PRIVATE_EXTERN = NO;
				GCC_VERSION = com.apple.compilers.llvm.clang.1_0;
				GCC_WARN_64_TO_32_BIT_CONVERSION = YES;
				GCC_WARN_ABOUT_RETURN_TYPE = YES;
				GCC_WARN_UNDECLARED_SELECTOR = YES;
				GCC_WARN_UNINITIALIZED_AUTOS = YES;
				GCC_WARN_UNUSED_FUNCTION = YES;
				GCC_WARN_UNUSED_VARIABLE = YES;
				IPHONEOS_DEPLOYMENT_TARGET = 5.1;
				ONLY_ACTIVE_ARCH = YES;
				SDKROOT = iphoneos;
			};
			name = Internal;
		};
		5F5865E71AC8650A000DC9D4 /* Internal */ = {
			isa = XCBuildConfiguration;
			buildSettings = {
				DSTROOT = /tmp/CTidy.dst;
				GCC_PRECOMPILE_PREFIX_HEADER = YES;
				GCC_PREFIX_HEADER = "CTidy/CTidy-Prefix.pch";
				GCC_WARN_ABOUT_DEPRECATED_FUNCTIONS = NO;
				IPHONEOS_DEPLOYMENT_TARGET = 5.0;
				OTHER_CFLAGS = (
					"-Wno-deprecated",
					"-Wno-deprecated-declarations",
				);
				OTHER_LDFLAGS = "-ObjC";
				PRODUCT_NAME = "$(TARGET_NAME)";
				SKIP_INSTALL = YES;
			};
			name = Internal;
		};
		5F5865E81AC8650A000DC9D4 /* Internal */ = {
			isa = XCBuildConfiguration;
			buildSettings = {
				CLANG_CXX_LANGUAGE_STANDARD = "gnu++0x";
				CLANG_CXX_LIBRARY = "libc++";
				CLANG_ENABLE_MODULES = YES;
				CLANG_ENABLE_OBJC_ARC = YES;
				CLANG_WARN_BOOL_CONVERSION = YES;
				CLANG_WARN_CONSTANT_CONVERSION = YES;
				CLANG_WARN_DIRECT_OBJC_ISA_USAGE = YES_ERROR;
				CLANG_WARN_EMPTY_BODY = YES;
				CLANG_WARN_ENUM_CONVERSION = YES;
				CLANG_WARN_INT_CONVERSION = YES;
				CLANG_WARN_OBJC_ROOT_CLASS = YES_ERROR;
				CLANG_WARN_UNREACHABLE_CODE = YES;
				CLANG_WARN__DUPLICATE_METHOD_MATCH = YES;
				COMBINE_HIDPI_IMAGES = YES;
				CURRENT_PROJECT_VERSION = 1;
				DEFINES_MODULE = YES;
				DYLIB_COMPATIBILITY_VERSION = 1;
				DYLIB_CURRENT_VERSION = 1;
				DYLIB_INSTALL_NAME_BASE = "@rpath";
				ENABLE_STRICT_OBJC_MSGSEND = YES;
				FRAMEWORK_VERSION = A;
				GCC_PREPROCESSOR_DEFINITIONS = (
					"DEBUG=1",
					"$(inherited)",
				);
				GCC_WARN_64_TO_32_BIT_CONVERSION = NO;
				GCC_WARN_ABOUT_DEPRECATED_FUNCTIONS = NO;
				GCC_WARN_ABOUT_RETURN_TYPE = YES_ERROR;
				GCC_WARN_TYPECHECK_CALLS_TO_PRINTF = NO;
				GCC_WARN_UNDECLARED_SELECTOR = YES;
				GCC_WARN_UNINITIALIZED_AUTOS = YES_AGGRESSIVE;
				GCC_WARN_UNUSED_FUNCTION = YES;
				GCC_WARN_UNUSED_VARIABLE = NO;
				INFOPLIST_FILE = CTidyOSX/Info.plist;
				INSTALL_PATH = "$(LOCAL_LIBRARY_DIR)/Frameworks";
				LD_DYLIB_INSTALL_NAME = "@rpath/$(EXECUTABLE_PATH)";
				LD_RUNPATH_SEARCH_PATHS = "$(inherited) @executable_path/../Frameworks @loader_path/Frameworks";
				MACOSX_DEPLOYMENT_TARGET = 10.8;
				MTL_ENABLE_DEBUG_INFO = YES;
				ONLY_ACTIVE_ARCH = YES;
				PRODUCT_BUNDLE_IDENTIFIER = "net.piipari.$(PRODUCT_NAME:rfc1034identifier)";
				PRODUCT_NAME = "$(TARGET_NAME)";
				SDKROOT = macosx;
				SKIP_INSTALL = YES;
				VERSIONING_SYSTEM = "apple-generic";
				VERSION_INFO_PREFIX = "";
			};
			name = Internal;
		};
		5F5865E91AC8650A000DC9D4 /* Internal */ = {
			isa = XCBuildConfiguration;
			buildSettings = {
				CLANG_CXX_LANGUAGE_STANDARD = "gnu++0x";
				CLANG_CXX_LIBRARY = "libc++";
				CLANG_ENABLE_MODULES = YES;
				CLANG_ENABLE_OBJC_ARC = YES;
				CLANG_WARN_BOOL_CONVERSION = YES;
				CLANG_WARN_CONSTANT_CONVERSION = YES;
				CLANG_WARN_DIRECT_OBJC_ISA_USAGE = YES_ERROR;
				CLANG_WARN_EMPTY_BODY = YES;
				CLANG_WARN_ENUM_CONVERSION = YES;
				CLANG_WARN_INT_CONVERSION = YES;
				CLANG_WARN_OBJC_ROOT_CLASS = YES_ERROR;
				CLANG_WARN_UNREACHABLE_CODE = YES;
				CLANG_WARN__DUPLICATE_METHOD_MATCH = YES;
				COMBINE_HIDPI_IMAGES = YES;
				ENABLE_STRICT_OBJC_MSGSEND = YES;
				FRAMEWORK_SEARCH_PATHS = (
					"$(DEVELOPER_FRAMEWORKS_DIR)",
					"$(inherited)",
				);
				GCC_PREPROCESSOR_DEFINITIONS = (
					"DEBUG=1",
					"$(inherited)",
				);
				GCC_WARN_64_TO_32_BIT_CONVERSION = YES;
				GCC_WARN_ABOUT_RETURN_TYPE = YES_ERROR;
				GCC_WARN_UNDECLARED_SELECTOR = YES;
				GCC_WARN_UNINITIALIZED_AUTOS = YES_AGGRESSIVE;
				GCC_WARN_UNUSED_FUNCTION = YES;
				INFOPLIST_FILE = CTidyOSXTests/Info.plist;
				LD_RUNPATH_SEARCH_PATHS = "$(inherited) @executable_path/../Frameworks @loader_path/../Frameworks";
				MACOSX_DEPLOYMENT_TARGET = 10.10;
				MTL_ENABLE_DEBUG_INFO = YES;
				ONLY_ACTIVE_ARCH = YES;
				PRODUCT_BUNDLE_IDENTIFIER = "net.piipari.$(PRODUCT_NAME:rfc1034identifier)";
				PRODUCT_NAME = "$(TARGET_NAME)";
				SDKROOT = macosx;
			};
			name = Internal;
		};
		5F59B3571C6CB58E000E40E7 /* Debug */ = {
			isa = XCBuildConfiguration;
			buildSettings = {
				CLANG_CXX_LANGUAGE_STANDARD = "gnu++0x";
				CLANG_CXX_LIBRARY = "libc++";
				CLANG_ENABLE_MODULES = YES;
				CLANG_ENABLE_OBJC_ARC = YES;
				CLANG_WARN_DIRECT_OBJC_ISA_USAGE = YES_ERROR;
				CLANG_WARN_OBJC_ROOT_CLASS = YES_ERROR;
				"CODE_SIGN_IDENTITY[sdk=iphoneos*]" = "iPhone Developer";
				CURRENT_PROJECT_VERSION = 1;
				DEBUG_INFORMATION_FORMAT = dwarf;
				DEFINES_MODULE = YES;
				DYLIB_COMPATIBILITY_VERSION = 1;
				DYLIB_CURRENT_VERSION = 1;
				DYLIB_INSTALL_NAME_BASE = "@rpath";
				GCC_WARN_ABOUT_RETURN_TYPE = YES_ERROR;
				GCC_WARN_UNINITIALIZED_AUTOS = YES_AGGRESSIVE;
				INFOPLIST_FILE = "TidyFramework-iOS/Info.plist";
				INSTALL_PATH = "$(LOCAL_LIBRARY_DIR)/Frameworks";
				IPHONEOS_DEPLOYMENT_TARGET = 9.2;
				LD_RUNPATH_SEARCH_PATHS = "$(inherited) @executable_path/Frameworks @loader_path/Frameworks";
				MODULEMAP_FILE = module.modulemap;
				MTL_ENABLE_DEBUG_INFO = YES;
				PRODUCT_BUNDLE_IDENTIFIER = "com.manuscriptsapp.TidyFramework-iOS";
				PRODUCT_NAME = TidyFramework;
				SKIP_INSTALL = YES;
				TARGETED_DEVICE_FAMILY = "1,2";
				VERSIONING_SYSTEM = "apple-generic";
				VERSION_INFO_PREFIX = "";
			};
			name = Debug;
		};
		5F59B3581C6CB58E000E40E7 /* AppStoreDebug */ = {
			isa = XCBuildConfiguration;
			buildSettings = {
				CLANG_CXX_LANGUAGE_STANDARD = "gnu++0x";
				CLANG_CXX_LIBRARY = "libc++";
				CLANG_ENABLE_MODULES = YES;
				CLANG_ENABLE_OBJC_ARC = YES;
				CLANG_WARN_DIRECT_OBJC_ISA_USAGE = YES_ERROR;
				CLANG_WARN_OBJC_ROOT_CLASS = YES_ERROR;
				"CODE_SIGN_IDENTITY[sdk=iphoneos*]" = "iPhone Developer";
				COPY_PHASE_STRIP = NO;
				CURRENT_PROJECT_VERSION = 1;
				DEBUG_INFORMATION_FORMAT = "dwarf-with-dsym";
				DEFINES_MODULE = YES;
				DYLIB_COMPATIBILITY_VERSION = 1;
				DYLIB_CURRENT_VERSION = 1;
				DYLIB_INSTALL_NAME_BASE = "@rpath";
				ENABLE_NS_ASSERTIONS = NO;
				GCC_WARN_ABOUT_RETURN_TYPE = YES_ERROR;
				GCC_WARN_UNINITIALIZED_AUTOS = YES_AGGRESSIVE;
				INFOPLIST_FILE = "TidyFramework-iOS/Info.plist";
				INSTALL_PATH = "$(LOCAL_LIBRARY_DIR)/Frameworks";
				IPHONEOS_DEPLOYMENT_TARGET = 9.2;
				LD_RUNPATH_SEARCH_PATHS = "$(inherited) @executable_path/Frameworks @loader_path/Frameworks";
				MODULEMAP_FILE = module.modulemap;
				MTL_ENABLE_DEBUG_INFO = NO;
				PRODUCT_BUNDLE_IDENTIFIER = "com.manuscriptsapp.TidyFramework-iOS";
				PRODUCT_NAME = TidyFramework;
				SKIP_INSTALL = YES;
				TARGETED_DEVICE_FAMILY = "1,2";
				VERSIONING_SYSTEM = "apple-generic";
				VERSION_INFO_PREFIX = "";
			};
			name = AppStoreDebug;
		};
		5F59B3591C6CB58E000E40E7 /* Internal */ = {
			isa = XCBuildConfiguration;
			buildSettings = {
				CLANG_CXX_LANGUAGE_STANDARD = "gnu++0x";
				CLANG_CXX_LIBRARY = "libc++";
				CLANG_ENABLE_MODULES = YES;
				CLANG_ENABLE_OBJC_ARC = YES;
				CLANG_WARN_DIRECT_OBJC_ISA_USAGE = YES_ERROR;
				CLANG_WARN_OBJC_ROOT_CLASS = YES_ERROR;
				"CODE_SIGN_IDENTITY[sdk=iphoneos*]" = "iPhone Developer";
				COPY_PHASE_STRIP = NO;
				CURRENT_PROJECT_VERSION = 1;
				DEBUG_INFORMATION_FORMAT = "dwarf-with-dsym";
				DEFINES_MODULE = YES;
				DYLIB_COMPATIBILITY_VERSION = 1;
				DYLIB_CURRENT_VERSION = 1;
				DYLIB_INSTALL_NAME_BASE = "@rpath";
				ENABLE_NS_ASSERTIONS = NO;
				GCC_WARN_ABOUT_RETURN_TYPE = YES_ERROR;
				GCC_WARN_UNINITIALIZED_AUTOS = YES_AGGRESSIVE;
				INFOPLIST_FILE = "TidyFramework-iOS/Info.plist";
				INSTALL_PATH = "$(LOCAL_LIBRARY_DIR)/Frameworks";
				IPHONEOS_DEPLOYMENT_TARGET = 9.2;
				LD_RUNPATH_SEARCH_PATHS = "$(inherited) @executable_path/Frameworks @loader_path/Frameworks";
				MODULEMAP_FILE = module.modulemap;
				MTL_ENABLE_DEBUG_INFO = NO;
				PRODUCT_BUNDLE_IDENTIFIER = "com.manuscriptsapp.TidyFramework-iOS";
				PRODUCT_NAME = TidyFramework;
				SKIP_INSTALL = YES;
				TARGETED_DEVICE_FAMILY = "1,2";
				VERSIONING_SYSTEM = "apple-generic";
				VERSION_INFO_PREFIX = "";
			};
			name = Internal;
		};
		5F59B35A1C6CB58E000E40E7 /* Testing */ = {
			isa = XCBuildConfiguration;
			buildSettings = {
				CLANG_CXX_LANGUAGE_STANDARD = "gnu++0x";
				CLANG_CXX_LIBRARY = "libc++";
				CLANG_ENABLE_MODULES = YES;
				CLANG_ENABLE_OBJC_ARC = YES;
				CLANG_WARN_DIRECT_OBJC_ISA_USAGE = YES_ERROR;
				CLANG_WARN_OBJC_ROOT_CLASS = YES_ERROR;
				"CODE_SIGN_IDENTITY[sdk=iphoneos*]" = "iPhone Developer";
				COPY_PHASE_STRIP = NO;
				CURRENT_PROJECT_VERSION = 1;
				DEBUG_INFORMATION_FORMAT = "dwarf-with-dsym";
				DEFINES_MODULE = YES;
				DYLIB_COMPATIBILITY_VERSION = 1;
				DYLIB_CURRENT_VERSION = 1;
				DYLIB_INSTALL_NAME_BASE = "@rpath";
				ENABLE_NS_ASSERTIONS = NO;
				GCC_WARN_ABOUT_RETURN_TYPE = YES_ERROR;
				GCC_WARN_UNINITIALIZED_AUTOS = YES_AGGRESSIVE;
				INFOPLIST_FILE = "TidyFramework-iOS/Info.plist";
				INSTALL_PATH = "$(LOCAL_LIBRARY_DIR)/Frameworks";
				IPHONEOS_DEPLOYMENT_TARGET = 9.2;
				LD_RUNPATH_SEARCH_PATHS = "$(inherited) @executable_path/Frameworks @loader_path/Frameworks";
				MODULEMAP_FILE = module.modulemap;
				MTL_ENABLE_DEBUG_INFO = NO;
				PRODUCT_BUNDLE_IDENTIFIER = "com.manuscriptsapp.TidyFramework-iOS";
				PRODUCT_NAME = TidyFramework;
				SKIP_INSTALL = YES;
				TARGETED_DEVICE_FAMILY = "1,2";
				VERSIONING_SYSTEM = "apple-generic";
				VERSION_INFO_PREFIX = "";
			};
			name = Testing;
		};
		5F59B35B1C6CB58E000E40E7 /* Release */ = {
			isa = XCBuildConfiguration;
			buildSettings = {
				CLANG_CXX_LANGUAGE_STANDARD = "gnu++0x";
				CLANG_CXX_LIBRARY = "libc++";
				CLANG_ENABLE_MODULES = YES;
				CLANG_ENABLE_OBJC_ARC = YES;
				CLANG_WARN_DIRECT_OBJC_ISA_USAGE = YES_ERROR;
				CLANG_WARN_OBJC_ROOT_CLASS = YES_ERROR;
				"CODE_SIGN_IDENTITY[sdk=iphoneos*]" = "iPhone Developer";
				COPY_PHASE_STRIP = NO;
				CURRENT_PROJECT_VERSION = 1;
				DEBUG_INFORMATION_FORMAT = "dwarf-with-dsym";
				DEFINES_MODULE = YES;
				DYLIB_COMPATIBILITY_VERSION = 1;
				DYLIB_CURRENT_VERSION = 1;
				DYLIB_INSTALL_NAME_BASE = "@rpath";
				ENABLE_NS_ASSERTIONS = NO;
				GCC_WARN_ABOUT_RETURN_TYPE = YES_ERROR;
				GCC_WARN_UNINITIALIZED_AUTOS = YES_AGGRESSIVE;
				INFOPLIST_FILE = "TidyFramework-iOS/Info.plist";
				INSTALL_PATH = "$(LOCAL_LIBRARY_DIR)/Frameworks";
				IPHONEOS_DEPLOYMENT_TARGET = 9.2;
				LD_RUNPATH_SEARCH_PATHS = "$(inherited) @executable_path/Frameworks @loader_path/Frameworks";
				MODULEMAP_FILE = module.modulemap;
				MTL_ENABLE_DEBUG_INFO = NO;
				PRODUCT_BUNDLE_IDENTIFIER = "com.manuscriptsapp.TidyFramework-iOS";
				PRODUCT_NAME = TidyFramework;
				SKIP_INSTALL = YES;
				TARGETED_DEVICE_FAMILY = "1,2";
				VERSIONING_SYSTEM = "apple-generic";
				VERSION_INFO_PREFIX = "";
			};
			name = Release;
		};
		5F59B35C1C6CB58E000E40E7 /* AppStoreRelease */ = {
			isa = XCBuildConfiguration;
			buildSettings = {
				CLANG_CXX_LANGUAGE_STANDARD = "gnu++0x";
				CLANG_CXX_LIBRARY = "libc++";
				CLANG_ENABLE_MODULES = YES;
				CLANG_ENABLE_OBJC_ARC = YES;
				CLANG_WARN_DIRECT_OBJC_ISA_USAGE = YES_ERROR;
				CLANG_WARN_OBJC_ROOT_CLASS = YES_ERROR;
				"CODE_SIGN_IDENTITY[sdk=iphoneos*]" = "iPhone Developer";
				COPY_PHASE_STRIP = NO;
				CURRENT_PROJECT_VERSION = 1;
				DEBUG_INFORMATION_FORMAT = "dwarf-with-dsym";
				DEFINES_MODULE = YES;
				DYLIB_COMPATIBILITY_VERSION = 1;
				DYLIB_CURRENT_VERSION = 1;
				DYLIB_INSTALL_NAME_BASE = "@rpath";
				ENABLE_NS_ASSERTIONS = NO;
				GCC_WARN_ABOUT_RETURN_TYPE = YES_ERROR;
				GCC_WARN_UNINITIALIZED_AUTOS = YES_AGGRESSIVE;
				INFOPLIST_FILE = "TidyFramework-iOS/Info.plist";
				INSTALL_PATH = "$(LOCAL_LIBRARY_DIR)/Frameworks";
				IPHONEOS_DEPLOYMENT_TARGET = 9.2;
				LD_RUNPATH_SEARCH_PATHS = "$(inherited) @executable_path/Frameworks @loader_path/Frameworks";
				MODULEMAP_FILE = module.modulemap;
				MTL_ENABLE_DEBUG_INFO = NO;
				PRODUCT_BUNDLE_IDENTIFIER = "com.manuscriptsapp.TidyFramework-iOS";
				PRODUCT_NAME = TidyFramework;
				SKIP_INSTALL = YES;
				TARGETED_DEVICE_FAMILY = "1,2";
				VERSIONING_SYSTEM = "apple-generic";
				VERSION_INFO_PREFIX = "";
			};
			name = AppStoreRelease;
		};
		5FBA721819E01FFB00E2A954 /* Testing */ = {
			isa = XCBuildConfiguration;
			buildSettings = {
				ALWAYS_SEARCH_USER_PATHS = NO;
				CLANG_WARN_BOOL_CONVERSION = YES;
				CLANG_WARN_CONSTANT_CONVERSION = YES;
				CLANG_WARN_EMPTY_BODY = YES;
				CLANG_WARN_ENUM_CONVERSION = YES;
				CLANG_WARN_INT_CONVERSION = YES;
				CLANG_WARN_UNREACHABLE_CODE = YES;
				CLANG_WARN__DUPLICATE_METHOD_MATCH = YES;
				COPY_PHASE_STRIP = NO;
				ENABLE_STRICT_OBJC_MSGSEND = YES;
				GCC_C_LANGUAGE_STANDARD = gnu99;
				GCC_DYNAMIC_NO_PIC = NO;
				GCC_NO_COMMON_BLOCKS = YES;
				GCC_OPTIMIZATION_LEVEL = 0;
				GCC_PREPROCESSOR_DEFINITIONS = (
					"DEBUG=1",
					"$(inherited)",
				);
				GCC_SYMBOLS_PRIVATE_EXTERN = NO;
				GCC_VERSION = com.apple.compilers.llvm.clang.1_0;
				GCC_WARN_64_TO_32_BIT_CONVERSION = YES;
				GCC_WARN_ABOUT_RETURN_TYPE = YES;
				GCC_WARN_UNDECLARED_SELECTOR = YES;
				GCC_WARN_UNINITIALIZED_AUTOS = YES;
				GCC_WARN_UNUSED_FUNCTION = YES;
				GCC_WARN_UNUSED_VARIABLE = YES;
				IPHONEOS_DEPLOYMENT_TARGET = 5.1;
				ONLY_ACTIVE_ARCH = YES;
				SDKROOT = iphoneos;
			};
			name = Testing;
		};
		5FBA721919E01FFB00E2A954 /* Testing */ = {
			isa = XCBuildConfiguration;
			buildSettings = {
				DSTROOT = /tmp/CTidy.dst;
				GCC_PRECOMPILE_PREFIX_HEADER = YES;
				GCC_PREFIX_HEADER = "CTidy/CTidy-Prefix.pch";
				GCC_WARN_ABOUT_DEPRECATED_FUNCTIONS = NO;
				IPHONEOS_DEPLOYMENT_TARGET = 5.0;
				OTHER_CFLAGS = (
					"-Wno-deprecated",
					"-Wno-deprecated-declarations",
				);
				OTHER_LDFLAGS = "-ObjC";
				PRODUCT_NAME = "$(TARGET_NAME)";
				SKIP_INSTALL = YES;
			};
			name = Testing;
		};
		5FBA721A19E01FFB00E2A954 /* Testing */ = {
			isa = XCBuildConfiguration;
			buildSettings = {
				CLANG_CXX_LANGUAGE_STANDARD = "gnu++0x";
				CLANG_CXX_LIBRARY = "libc++";
				CLANG_ENABLE_MODULES = YES;
				CLANG_ENABLE_OBJC_ARC = YES;
				CLANG_WARN_BOOL_CONVERSION = YES;
				CLANG_WARN_CONSTANT_CONVERSION = YES;
				CLANG_WARN_DIRECT_OBJC_ISA_USAGE = YES_ERROR;
				CLANG_WARN_EMPTY_BODY = YES;
				CLANG_WARN_ENUM_CONVERSION = YES;
				CLANG_WARN_INT_CONVERSION = YES;
				CLANG_WARN_OBJC_ROOT_CLASS = YES_ERROR;
				CLANG_WARN_UNREACHABLE_CODE = YES;
				CLANG_WARN__DUPLICATE_METHOD_MATCH = YES;
				COMBINE_HIDPI_IMAGES = YES;
				CURRENT_PROJECT_VERSION = 1;
				DEFINES_MODULE = YES;
				DYLIB_COMPATIBILITY_VERSION = 1;
				DYLIB_CURRENT_VERSION = 1;
				DYLIB_INSTALL_NAME_BASE = "@rpath";
				ENABLE_STRICT_OBJC_MSGSEND = YES;
				FRAMEWORK_VERSION = A;
				GCC_PREPROCESSOR_DEFINITIONS = (
					"DEBUG=1",
					"$(inherited)",
				);
				GCC_WARN_64_TO_32_BIT_CONVERSION = NO;
				GCC_WARN_ABOUT_DEPRECATED_FUNCTIONS = NO;
				GCC_WARN_ABOUT_RETURN_TYPE = YES_ERROR;
				GCC_WARN_TYPECHECK_CALLS_TO_PRINTF = NO;
				GCC_WARN_UNDECLARED_SELECTOR = YES;
				GCC_WARN_UNINITIALIZED_AUTOS = YES_AGGRESSIVE;
				GCC_WARN_UNUSED_FUNCTION = YES;
				GCC_WARN_UNUSED_VARIABLE = NO;
				INFOPLIST_FILE = CTidyOSX/Info.plist;
				INSTALL_PATH = "$(LOCAL_LIBRARY_DIR)/Frameworks";
				LD_DYLIB_INSTALL_NAME = "@rpath/$(EXECUTABLE_PATH)";
				LD_RUNPATH_SEARCH_PATHS = "$(inherited) @executable_path/../Frameworks @loader_path/Frameworks";
				MACOSX_DEPLOYMENT_TARGET = 10.8;
				MTL_ENABLE_DEBUG_INFO = YES;
				ONLY_ACTIVE_ARCH = YES;
				PRODUCT_BUNDLE_IDENTIFIER = "net.piipari.$(PRODUCT_NAME:rfc1034identifier)";
				PRODUCT_NAME = "$(TARGET_NAME)";
				SDKROOT = macosx;
				SKIP_INSTALL = YES;
				VERSIONING_SYSTEM = "apple-generic";
				VERSION_INFO_PREFIX = "";
			};
			name = Testing;
		};
		5FBA721B19E01FFB00E2A954 /* Testing */ = {
			isa = XCBuildConfiguration;
			buildSettings = {
				CLANG_CXX_LANGUAGE_STANDARD = "gnu++0x";
				CLANG_CXX_LIBRARY = "libc++";
				CLANG_ENABLE_MODULES = YES;
				CLANG_ENABLE_OBJC_ARC = YES;
				CLANG_WARN_BOOL_CONVERSION = YES;
				CLANG_WARN_CONSTANT_CONVERSION = YES;
				CLANG_WARN_DIRECT_OBJC_ISA_USAGE = YES_ERROR;
				CLANG_WARN_EMPTY_BODY = YES;
				CLANG_WARN_ENUM_CONVERSION = YES;
				CLANG_WARN_INT_CONVERSION = YES;
				CLANG_WARN_OBJC_ROOT_CLASS = YES_ERROR;
				CLANG_WARN_UNREACHABLE_CODE = YES;
				CLANG_WARN__DUPLICATE_METHOD_MATCH = YES;
				COMBINE_HIDPI_IMAGES = YES;
				ENABLE_STRICT_OBJC_MSGSEND = YES;
				FRAMEWORK_SEARCH_PATHS = (
					"$(DEVELOPER_FRAMEWORKS_DIR)",
					"$(inherited)",
				);
				GCC_PREPROCESSOR_DEFINITIONS = (
					"DEBUG=1",
					"$(inherited)",
				);
				GCC_WARN_64_TO_32_BIT_CONVERSION = YES;
				GCC_WARN_ABOUT_RETURN_TYPE = YES_ERROR;
				GCC_WARN_UNDECLARED_SELECTOR = YES;
				GCC_WARN_UNINITIALIZED_AUTOS = YES_AGGRESSIVE;
				GCC_WARN_UNUSED_FUNCTION = YES;
				INFOPLIST_FILE = CTidyOSXTests/Info.plist;
				LD_RUNPATH_SEARCH_PATHS = "$(inherited) @executable_path/../Frameworks @loader_path/../Frameworks";
				MACOSX_DEPLOYMENT_TARGET = 10.10;
				MTL_ENABLE_DEBUG_INFO = YES;
				ONLY_ACTIVE_ARCH = YES;
				PRODUCT_BUNDLE_IDENTIFIER = "net.piipari.$(PRODUCT_NAME:rfc1034identifier)";
				PRODUCT_NAME = "$(TARGET_NAME)";
				SDKROOT = macosx;
			};
			name = Testing;
		};
/* End XCBuildConfiguration section */

/* Begin XCConfigurationList section */
		5445E1B51593248A00A3137D /* Build configuration list for PBXProject "CTidy" */ = {
			isa = XCConfigurationList;
			buildConfigurations = (
				5445E1C61593248B00A3137D /* Debug */,
				5F511A781BB7565B005E4A2E /* AppStoreDebug */,
				5F5865E61AC8650A000DC9D4 /* Internal */,
				5FBA721819E01FFB00E2A954 /* Testing */,
				5445E1C71593248B00A3137D /* Release */,
				5F511A141BB752FD005E4A2E /* AppStoreRelease */,
			);
			defaultConfigurationIsVisible = 0;
			defaultConfigurationName = Release;
		};
		5445E1C81593248B00A3137D /* Build configuration list for PBXNativeTarget "CTidy" */ = {
			isa = XCConfigurationList;
			buildConfigurations = (
				5445E1C91593248B00A3137D /* Debug */,
				5F511A791BB7565B005E4A2E /* AppStoreDebug */,
				5F5865E71AC8650A000DC9D4 /* Internal */,
				5FBA721919E01FFB00E2A954 /* Testing */,
				5445E1CA1593248B00A3137D /* Release */,
				5F511A151BB752FD005E4A2E /* AppStoreRelease */,
			);
			defaultConfigurationIsVisible = 0;
			defaultConfigurationName = Release;
		};
		5F2A13B119DD86C9005817F9 /* Build configuration list for PBXNativeTarget "TidyFramework" */ = {
			isa = XCConfigurationList;
			buildConfigurations = (
				5F2A13AD19DD86C8005817F9 /* Debug */,
				5F511A7A1BB7565B005E4A2E /* AppStoreDebug */,
				5F5865E81AC8650A000DC9D4 /* Internal */,
				5FBA721A19E01FFB00E2A954 /* Testing */,
				5F2A13AE19DD86C8005817F9 /* Release */,
				5F511A161BB752FD005E4A2E /* AppStoreRelease */,
			);
			defaultConfigurationIsVisible = 0;
			defaultConfigurationName = Release;
		};
		5F2A13B219DD86C9005817F9 /* Build configuration list for PBXNativeTarget "CTidyOSXTests" */ = {
			isa = XCConfigurationList;
			buildConfigurations = (
				5F2A13AF19DD86C8005817F9 /* Debug */,
				5F511A7B1BB7565B005E4A2E /* AppStoreDebug */,
				5F5865E91AC8650A000DC9D4 /* Internal */,
				5FBA721B19E01FFB00E2A954 /* Testing */,
				5F2A13B019DD86C8005817F9 /* Release */,
				5F511A171BB752FD005E4A2E /* AppStoreRelease */,
			);
			defaultConfigurationIsVisible = 0;
			defaultConfigurationName = Release;
		};
		5F59B35D1C6CB58E000E40E7 /* Build configuration list for PBXNativeTarget "TidyFramework-iOS" */ = {
			isa = XCConfigurationList;
			buildConfigurations = (
				5F59B3571C6CB58E000E40E7 /* Debug */,
				5F59B3581C6CB58E000E40E7 /* AppStoreDebug */,
				5F59B3591C6CB58E000E40E7 /* Internal */,
				5F59B35A1C6CB58E000E40E7 /* Testing */,
				5F59B35B1C6CB58E000E40E7 /* Release */,
				5F59B35C1C6CB58E000E40E7 /* AppStoreRelease */,
			);
			defaultConfigurationIsVisible = 0;
		};
/* End XCConfigurationList section */
	};
	rootObject = 5445E1B21593248A00A3137D /* Project object */;
}
